// !$*UTF8*$!
{
	archiveVersion = 1;
	classes = {
	};
	objectVersion = 56;
	objects = {

/* Begin PBXBuildFile section */
		C80C056E2B5C9EC90020EC4F /* dummyFile.pdf in Resources */ = {isa = PBXBuildFile; fileRef = C80C056D2B5C9EC90020EC4F /* dummyFile.pdf */; };
		C81AD6592B5149F0007494FE /* OrderDetailsPage.swift in Sources */ = {isa = PBXBuildFile; fileRef = C81AD6582B5149F0007494FE /* OrderDetailsPage.swift */; };
		C83C3B102B57FA1C00CAD385 /* SelectStepsArea.swift in Sources */ = {isa = PBXBuildFile; fileRef = C83C3B0F2B57FA1C00CAD385 /* SelectStepsArea.swift */; };
		C83C3B122B57FEBE00CAD385 /* SelectSameStepsArea.swift in Sources */ = {isa = PBXBuildFile; fileRef = C83C3B112B57FEBE00CAD385 /* SelectSameStepsArea.swift */; };
		C83C3B142B580F9200CAD385 /* SelectSameOrdersArea.swift in Sources */ = {isa = PBXBuildFile; fileRef = C83C3B132B580F9200CAD385 /* SelectSameOrdersArea.swift */; };
		C86051BC2B4EEE320047ADD4 /* ReviewEvidenceTask.swift in Sources */ = {isa = PBXBuildFile; fileRef = C86051BB2B4EEE320047ADD4 /* ReviewEvidenceTask.swift */; };
		C86051C02B4F08560047ADD4 /* OrderDetailsArea.swift in Sources */ = {isa = PBXBuildFile; fileRef = C86051BF2B4F08560047ADD4 /* OrderDetailsArea.swift */; };
		C86051C22B4F58090047ADD4 /* DataStore.swift in Sources */ = {isa = PBXBuildFile; fileRef = C86051C12B4F58090047ADD4 /* DataStore.swift */; };
		C86204342B4C4505003B5BA9 /* CustomPreviewProvider.swift in Sources */ = {isa = PBXBuildFile; fileRef = C86204332B4C4505003B5BA9 /* CustomPreviewProvider.swift */; };
		C86F571B2B5D387E004FA0F9 /* DocumentDetailsPage.swift in Sources */ = {isa = PBXBuildFile; fileRef = C86F571A2B5D387E004FA0F9 /* DocumentDetailsPage.swift */; };
		C86F571D2B5D398A004FA0F9 /* ErrorTaskView.swift in Sources */ = {isa = PBXBuildFile; fileRef = C86F571C2B5D398A004FA0F9 /* ErrorTaskView.swift */; };
		C86F57202B5D3E20004FA0F9 /* PDFThumbnail.swift in Sources */ = {isa = PBXBuildFile; fileRef = C86F571F2B5D3E20004FA0F9 /* PDFThumbnail.swift */; };
		C86F57222B5D5249004FA0F9 /* CommentTextField.swift in Sources */ = {isa = PBXBuildFile; fileRef = C86F57212B5D5249004FA0F9 /* CommentTextField.swift */; };
		C86F57242B5D5440004FA0F9 /* CommentSection.swift in Sources */ = {isa = PBXBuildFile; fileRef = C86F57232B5D5440004FA0F9 /* CommentSection.swift */; };
		C86F57262B5D6A8D004FA0F9 /* Message.swift in Sources */ = {isa = PBXBuildFile; fileRef = C86F57252B5D6A8D004FA0F9 /* Message.swift */; };
		C86F57282B5D6E7A004FA0F9 /* ChatBubbleShape.swift in Sources */ = {isa = PBXBuildFile; fileRef = C86F57272B5D6E7A004FA0F9 /* ChatBubbleShape.swift */; };
		C86F572A2B5D6ED9004FA0F9 /* ChatBubble.swift in Sources */ = {isa = PBXBuildFile; fileRef = C86F57292B5D6ED9004FA0F9 /* ChatBubble.swift */; };
		C86F572D2B5D7328004FA0F9 /* AllCompliancePage.swift in Sources */ = {isa = PBXBuildFile; fileRef = C86F572C2B5D7328004FA0F9 /* AllCompliancePage.swift */; };
		C8833BA72B51D70400D773AC /* CustomEmptyButton.swift in Sources */ = {isa = PBXBuildFile; fileRef = C8833BA62B51D70400D773AC /* CustomEmptyButton.swift */; };
		C8833BAA2B51DAE400D773AC /* CustomUnderlinedText.swift in Sources */ = {isa = PBXBuildFile; fileRef = C8833BA92B51DAE400D773AC /* CustomUnderlinedText.swift */; };
		C886EDB52B5895E5001D0B08 /* UploadEvidencePage.swift in Sources */ = {isa = PBXBuildFile; fileRef = C886EDB42B5895E5001D0B08 /* UploadEvidencePage.swift */; };
		C88C0C6A2B5C794F006E1803 /* ReadComplianceDataStore.swift in Sources */ = {isa = PBXBuildFile; fileRef = C88C0C692B5C794F006E1803 /* ReadComplianceDataStore.swift */; };
		C88C0C6C2B5C7A0B006E1803 /* ReadDocumentTask.swift in Sources */ = {isa = PBXBuildFile; fileRef = C88C0C6B2B5C7A0B006E1803 /* ReadDocumentTask.swift */; };
		C89390F12B51527200888446 /* OneChainLink.swift in Sources */ = {isa = PBXBuildFile; fileRef = C89390F02B51527200888446 /* OneChainLink.swift */; };
		C89390F32B5157E800888446 /* LastChainLink.swift in Sources */ = {isa = PBXBuildFile; fileRef = C89390F22B5157E800888446 /* LastChainLink.swift */; };
		C8A8F6FF2B5A9701009157BF /* UploadEvidenceArea.swift in Sources */ = {isa = PBXBuildFile; fileRef = C8A8F6FE2B5A9701009157BF /* UploadEvidenceArea.swift */; };
		C8A8F7022B5B28CE009157BF /* UploadPictureButton.swift in Sources */ = {isa = PBXBuildFile; fileRef = C8A8F7012B5B28CE009157BF /* UploadPictureButton.swift */; };
		C8A8F7042B5B29C0009157BF /* ImagePickerView.swift in Sources */ = {isa = PBXBuildFile; fileRef = C8A8F7032B5B29C0009157BF /* ImagePickerView.swift */; };
		C8A8F7062B5B2E63009157BF /* ImageBoxView.swift in Sources */ = {isa = PBXBuildFile; fileRef = C8A8F7052B5B2E63009157BF /* ImageBoxView.swift */; };
		C8A8F7082B5BF0F5009157BF /* ImagePreviewContainer.swift in Sources */ = {isa = PBXBuildFile; fileRef = C8A8F7072B5BF0F5009157BF /* ImagePreviewContainer.swift */; };
		C8B851832B1A336300FE593C /* TexTracerAppApp.swift in Sources */ = {isa = PBXBuildFile; fileRef = C8B851822B1A336300FE593C /* TexTracerAppApp.swift */; };
		C8B851852B1A336300FE593C /* ContentView.swift in Sources */ = {isa = PBXBuildFile; fileRef = C8B851842B1A336300FE593C /* ContentView.swift */; };
		C8B851872B1A336600FE593C /* Assets.xcassets in Resources */ = {isa = PBXBuildFile; fileRef = C8B851862B1A336600FE593C /* Assets.xcassets */; };
		C8B8518A2B1A336600FE593C /* Preview Assets.xcassets in Resources */ = {isa = PBXBuildFile; fileRef = C8B851892B1A336600FE593C /* Preview Assets.xcassets */; };
		C8B851942B1A336600FE593C /* TexTracerAppTests.swift in Sources */ = {isa = PBXBuildFile; fileRef = C8B851932B1A336600FE593C /* TexTracerAppTests.swift */; };
		C8B8519E2B1A336600FE593C /* TexTracerAppUITests.swift in Sources */ = {isa = PBXBuildFile; fileRef = C8B8519D2B1A336600FE593C /* TexTracerAppUITests.swift */; };
		C8B851A02B1A336600FE593C /* TexTracerAppUITestsLaunchTests.swift in Sources */ = {isa = PBXBuildFile; fileRef = C8B8519F2B1A336600FE593C /* TexTracerAppUITestsLaunchTests.swift */; };
		C8C500602B2C4A0200B36674 /* CheckBoxToggleStyle.swift in Sources */ = {isa = PBXBuildFile; fileRef = C8C5005F2B2C4A0200B36674 /* CheckBoxToggleStyle.swift */; };
		C8C500622B2C4CCE00B36674 /* StepSwitch.swift in Sources */ = {isa = PBXBuildFile; fileRef = C8C500612B2C4CCE00B36674 /* StepSwitch.swift */; };
		C8C500642B2C692600B36674 /* UploadEvidenceView.swift in Sources */ = {isa = PBXBuildFile; fileRef = C8C500632B2C692600B36674 /* UploadEvidenceView.swift */; };
		C8C500662B2E101A00B36674 /* StepsProgressBar.swift in Sources */ = {isa = PBXBuildFile; fileRef = C8C500652B2E101A00B36674 /* StepsProgressBar.swift */; };
		C8E254232B27C56300274FC4 /* UploadEvidenceTask.swift in Sources */ = {isa = PBXBuildFile; fileRef = C8E254222B27C56300274FC4 /* UploadEvidenceTask.swift */; };
		C8E254262B27D39100274FC4 /* TasksPage.swift in Sources */ = {isa = PBXBuildFile; fileRef = C8E254252B27D39100274FC4 /* TasksPage.swift */; };
		C8E254282B27D61000274FC4 /* AllOrdersPage.swift in Sources */ = {isa = PBXBuildFile; fileRef = C8E254272B27D61000274FC4 /* AllOrdersPage.swift */; };
		C8E2542C2B27D65B00274FC4 /* MyAccountPage.swift in Sources */ = {isa = PBXBuildFile; fileRef = C8E2542B2B27D65B00274FC4 /* MyAccountPage.swift */; };
		C8E2542F2B28F35500274FC4 /* Color.swift in Sources */ = {isa = PBXBuildFile; fileRef = C8E2542E2B28F35500274FC4 /* Color.swift */; };
		C8E254342B28F7C900274FC4 /* TaskView.swift in Sources */ = {isa = PBXBuildFile; fileRef = C8E254332B28F7C900274FC4 /* TaskView.swift */; };
		C8E254362B28FD2F00274FC4 /* TaskDetailView.swift in Sources */ = {isa = PBXBuildFile; fileRef = C8E254352B28FD2F00274FC4 /* TaskDetailView.swift */; };
		C8E254382B29035900274FC4 /* OrderEvidenceDetailBox.swift in Sources */ = {isa = PBXBuildFile; fileRef = C8E254372B29035900274FC4 /* OrderEvidenceDetailBox.swift */; };
		C8E2543A2B29037000274FC4 /* WhiteBox.swift in Sources */ = {isa = PBXBuildFile; fileRef = C8E254392B29037000274FC4 /* WhiteBox.swift */; };
		C8E2543C2B29103400274FC4 /* OrderBadge.swift in Sources */ = {isa = PBXBuildFile; fileRef = C8E2543B2B29103400274FC4 /* OrderBadge.swift */; };
		C8E2543E2B2913E000274FC4 /* ChainType.swift in Sources */ = {isa = PBXBuildFile; fileRef = C8E2543D2B2913E000274FC4 /* ChainType.swift */; };
		C8E254412B29B42300274FC4 /* TasksStore.swift in Sources */ = {isa = PBXBuildFile; fileRef = C8E254402B29B42300274FC4 /* TasksStore.swift */; };
		C8ECFF452B2A1C5D00D667F2 /* Chain.swift in Sources */ = {isa = PBXBuildFile; fileRef = C8ECFF442B2A1C5D00D667F2 /* Chain.swift */; };
		C8ECFF472B2A22D600D667F2 /* ChainLinks.swift in Sources */ = {isa = PBXBuildFile; fileRef = C8ECFF462B2A22D600D667F2 /* ChainLinks.swift */; };
		C8ECFF492B2A3D1C00D667F2 /* CustomFullButton.swift in Sources */ = {isa = PBXBuildFile; fileRef = C8ECFF482B2A3D1C00D667F2 /* CustomFullButton.swift */; };
		C8F66DC02B1B690A0011D89D /* Company.swift in Sources */ = {isa = PBXBuildFile; fileRef = C8F66DBF2B1B690A0011D89D /* Company.swift */; };
		C8F66DC22B1B6B750011D89D /* Supplier.swift in Sources */ = {isa = PBXBuildFile; fileRef = C8F66DC12B1B6B750011D89D /* Supplier.swift */; };
		C8F66DC42B1B75590011D89D /* Facility.swift in Sources */ = {isa = PBXBuildFile; fileRef = C8F66DC32B1B75590011D89D /* Facility.swift */; };
		C8F66DC62B1B79A30011D89D /* Brand.swift in Sources */ = {isa = PBXBuildFile; fileRef = C8F66DC52B1B79A30011D89D /* Brand.swift */; };
		C8F66DC82B1B7A030011D89D /* ContractualPartner.swift in Sources */ = {isa = PBXBuildFile; fileRef = C8F66DC72B1B7A030011D89D /* ContractualPartner.swift */; };
		C8F66DCA2B1B7FA40011D89D /* Orderline.swift in Sources */ = {isa = PBXBuildFile; fileRef = C8F66DC92B1B7FA40011D89D /* Orderline.swift */; };
		C8F66DCC2B1B816C0011D89D /* Step.swift in Sources */ = {isa = PBXBuildFile; fileRef = C8F66DCB2B1B816C0011D89D /* Step.swift */; };
		C8F66DCE2B1B8A290011D89D /* OrderStep.swift in Sources */ = {isa = PBXBuildFile; fileRef = C8F66DCD2B1B8A290011D89D /* OrderStep.swift */; };
		C8F66DD12B1B8AAA0011D89D /* Order.swift in Sources */ = {isa = PBXBuildFile; fileRef = C8F66DD02B1B8AAA0011D89D /* Order.swift */; };
		C8F66DD32B1B8F8A0011D89D /* Task.swift in Sources */ = {isa = PBXBuildFile; fileRef = C8F66DD22B1B8F8A0011D89D /* Task.swift */; };
		C8F66DD52B1B90570011D89D /* TaskStatus.swift in Sources */ = {isa = PBXBuildFile; fileRef = C8F66DD42B1B90570011D89D /* TaskStatus.swift */; };
/* End PBXBuildFile section */

/* Begin PBXContainerItemProxy section */
		C8B851902B1A336600FE593C /* PBXContainerItemProxy */ = {
			isa = PBXContainerItemProxy;
			containerPortal = C8B851772B1A336300FE593C /* Project object */;
			proxyType = 1;
			remoteGlobalIDString = C8B8517E2B1A336300FE593C;
			remoteInfo = TexTracerApp;
		};
		C8B8519A2B1A336600FE593C /* PBXContainerItemProxy */ = {
			isa = PBXContainerItemProxy;
			containerPortal = C8B851772B1A336300FE593C /* Project object */;
			proxyType = 1;
			remoteGlobalIDString = C8B8517E2B1A336300FE593C;
			remoteInfo = TexTracerApp;
		};
/* End PBXContainerItemProxy section */

/* Begin PBXFileReference section */
		C80C056D2B5C9EC90020EC4F /* dummyFile.pdf */ = {isa = PBXFileReference; lastKnownFileType = image.pdf; path = dummyFile.pdf; sourceTree = "<group>"; };
		C81AD6582B5149F0007494FE /* OrderDetailsPage.swift */ = {isa = PBXFileReference; lastKnownFileType = sourcecode.swift; path = OrderDetailsPage.swift; sourceTree = "<group>"; };
		C83C3B0F2B57FA1C00CAD385 /* SelectStepsArea.swift */ = {isa = PBXFileReference; lastKnownFileType = sourcecode.swift; path = SelectStepsArea.swift; sourceTree = "<group>"; };
		C83C3B112B57FEBE00CAD385 /* SelectSameStepsArea.swift */ = {isa = PBXFileReference; lastKnownFileType = sourcecode.swift; path = SelectSameStepsArea.swift; sourceTree = "<group>"; };
		C83C3B132B580F9200CAD385 /* SelectSameOrdersArea.swift */ = {isa = PBXFileReference; lastKnownFileType = sourcecode.swift; path = SelectSameOrdersArea.swift; sourceTree = "<group>"; };
		C86051BB2B4EEE320047ADD4 /* ReviewEvidenceTask.swift */ = {isa = PBXFileReference; lastKnownFileType = sourcecode.swift; path = ReviewEvidenceTask.swift; sourceTree = "<group>"; };
		C86051BF2B4F08560047ADD4 /* OrderDetailsArea.swift */ = {isa = PBXFileReference; lastKnownFileType = sourcecode.swift; path = OrderDetailsArea.swift; sourceTree = "<group>"; };
		C86051C12B4F58090047ADD4 /* DataStore.swift */ = {isa = PBXFileReference; lastKnownFileType = sourcecode.swift; path = DataStore.swift; sourceTree = "<group>"; };
		C86204332B4C4505003B5BA9 /* CustomPreviewProvider.swift */ = {isa = PBXFileReference; lastKnownFileType = sourcecode.swift; path = CustomPreviewProvider.swift; sourceTree = "<group>"; };
		C86F571A2B5D387E004FA0F9 /* DocumentDetailsPage.swift */ = {isa = PBXFileReference; lastKnownFileType = sourcecode.swift; path = DocumentDetailsPage.swift; sourceTree = "<group>"; };
		C86F571C2B5D398A004FA0F9 /* ErrorTaskView.swift */ = {isa = PBXFileReference; lastKnownFileType = sourcecode.swift; path = ErrorTaskView.swift; sourceTree = "<group>"; };
		C86F571F2B5D3E20004FA0F9 /* PDFThumbnail.swift */ = {isa = PBXFileReference; lastKnownFileType = sourcecode.swift; path = PDFThumbnail.swift; sourceTree = "<group>"; };
		C86F57212B5D5249004FA0F9 /* CommentTextField.swift */ = {isa = PBXFileReference; lastKnownFileType = sourcecode.swift; path = CommentTextField.swift; sourceTree = "<group>"; };
		C86F57232B5D5440004FA0F9 /* CommentSection.swift */ = {isa = PBXFileReference; lastKnownFileType = sourcecode.swift; path = CommentSection.swift; sourceTree = "<group>"; };
		C86F57252B5D6A8D004FA0F9 /* Message.swift */ = {isa = PBXFileReference; lastKnownFileType = sourcecode.swift; path = Message.swift; sourceTree = "<group>"; };
		C86F57272B5D6E7A004FA0F9 /* ChatBubbleShape.swift */ = {isa = PBXFileReference; lastKnownFileType = sourcecode.swift; path = ChatBubbleShape.swift; sourceTree = "<group>"; };
		C86F57292B5D6ED9004FA0F9 /* ChatBubble.swift */ = {isa = PBXFileReference; lastKnownFileType = sourcecode.swift; path = ChatBubble.swift; sourceTree = "<group>"; };
		C86F572C2B5D7328004FA0F9 /* AllCompliancePage.swift */ = {isa = PBXFileReference; lastKnownFileType = sourcecode.swift; path = AllCompliancePage.swift; sourceTree = "<group>"; };
		C8833BA62B51D70400D773AC /* CustomEmptyButton.swift */ = {isa = PBXFileReference; lastKnownFileType = sourcecode.swift; path = CustomEmptyButton.swift; sourceTree = "<group>"; };
		C8833BA92B51DAE400D773AC /* CustomUnderlinedText.swift */ = {isa = PBXFileReference; lastKnownFileType = sourcecode.swift; path = CustomUnderlinedText.swift; sourceTree = "<group>"; };
		C886EDB42B5895E5001D0B08 /* UploadEvidencePage.swift */ = {isa = PBXFileReference; lastKnownFileType = sourcecode.swift; path = UploadEvidencePage.swift; sourceTree = "<group>"; };
		C88C0C692B5C794F006E1803 /* ReadComplianceDataStore.swift */ = {isa = PBXFileReference; lastKnownFileType = sourcecode.swift; path = ReadComplianceDataStore.swift; sourceTree = "<group>"; };
		C88C0C6B2B5C7A0B006E1803 /* ReadDocumentTask.swift */ = {isa = PBXFileReference; lastKnownFileType = sourcecode.swift; path = ReadDocumentTask.swift; sourceTree = "<group>"; };
		C89390F02B51527200888446 /* OneChainLink.swift */ = {isa = PBXFileReference; lastKnownFileType = sourcecode.swift; path = OneChainLink.swift; sourceTree = "<group>"; };
		C89390F22B5157E800888446 /* LastChainLink.swift */ = {isa = PBXFileReference; lastKnownFileType = sourcecode.swift; path = LastChainLink.swift; sourceTree = "<group>"; };
		C8A8F6FE2B5A9701009157BF /* UploadEvidenceArea.swift */ = {isa = PBXFileReference; lastKnownFileType = sourcecode.swift; path = UploadEvidenceArea.swift; sourceTree = "<group>"; };
		C8A8F7012B5B28CE009157BF /* UploadPictureButton.swift */ = {isa = PBXFileReference; lastKnownFileType = sourcecode.swift; path = UploadPictureButton.swift; sourceTree = "<group>"; };
		C8A8F7032B5B29C0009157BF /* ImagePickerView.swift */ = {isa = PBXFileReference; lastKnownFileType = sourcecode.swift; path = ImagePickerView.swift; sourceTree = "<group>"; };
		C8A8F7052B5B2E63009157BF /* ImageBoxView.swift */ = {isa = PBXFileReference; lastKnownFileType = sourcecode.swift; path = ImageBoxView.swift; sourceTree = "<group>"; };
		C8A8F7072B5BF0F5009157BF /* ImagePreviewContainer.swift */ = {isa = PBXFileReference; lastKnownFileType = sourcecode.swift; path = ImagePreviewContainer.swift; sourceTree = "<group>"; };
		C8B8517F2B1A336300FE593C /* TexTracerApp.app */ = {isa = PBXFileReference; explicitFileType = wrapper.application; includeInIndex = 0; path = TexTracerApp.app; sourceTree = BUILT_PRODUCTS_DIR; };
		C8B851822B1A336300FE593C /* TexTracerAppApp.swift */ = {isa = PBXFileReference; lastKnownFileType = sourcecode.swift; path = TexTracerAppApp.swift; sourceTree = "<group>"; };
		C8B851842B1A336300FE593C /* ContentView.swift */ = {isa = PBXFileReference; lastKnownFileType = sourcecode.swift; path = ContentView.swift; sourceTree = "<group>"; };
		C8B851862B1A336600FE593C /* Assets.xcassets */ = {isa = PBXFileReference; lastKnownFileType = folder.assetcatalog; path = Assets.xcassets; sourceTree = "<group>"; };
		C8B851892B1A336600FE593C /* Preview Assets.xcassets */ = {isa = PBXFileReference; lastKnownFileType = folder.assetcatalog; path = "Preview Assets.xcassets"; sourceTree = "<group>"; };
		C8B8518F2B1A336600FE593C /* TexTracerAppTests.xctest */ = {isa = PBXFileReference; explicitFileType = wrapper.cfbundle; includeInIndex = 0; path = TexTracerAppTests.xctest; sourceTree = BUILT_PRODUCTS_DIR; };
		C8B851932B1A336600FE593C /* TexTracerAppTests.swift */ = {isa = PBXFileReference; lastKnownFileType = sourcecode.swift; path = TexTracerAppTests.swift; sourceTree = "<group>"; };
		C8B851992B1A336600FE593C /* TexTracerAppUITests.xctest */ = {isa = PBXFileReference; explicitFileType = wrapper.cfbundle; includeInIndex = 0; path = TexTracerAppUITests.xctest; sourceTree = BUILT_PRODUCTS_DIR; };
		C8B8519D2B1A336600FE593C /* TexTracerAppUITests.swift */ = {isa = PBXFileReference; lastKnownFileType = sourcecode.swift; path = TexTracerAppUITests.swift; sourceTree = "<group>"; };
		C8B8519F2B1A336600FE593C /* TexTracerAppUITestsLaunchTests.swift */ = {isa = PBXFileReference; lastKnownFileType = sourcecode.swift; path = TexTracerAppUITestsLaunchTests.swift; sourceTree = "<group>"; };
		C8C5005F2B2C4A0200B36674 /* CheckBoxToggleStyle.swift */ = {isa = PBXFileReference; lastKnownFileType = sourcecode.swift; path = CheckBoxToggleStyle.swift; sourceTree = "<group>"; };
		C8C500612B2C4CCE00B36674 /* StepSwitch.swift */ = {isa = PBXFileReference; lastKnownFileType = sourcecode.swift; path = StepSwitch.swift; sourceTree = "<group>"; };
		C8C500632B2C692600B36674 /* UploadEvidenceView.swift */ = {isa = PBXFileReference; lastKnownFileType = sourcecode.swift; path = UploadEvidenceView.swift; sourceTree = "<group>"; };
		C8C500652B2E101A00B36674 /* StepsProgressBar.swift */ = {isa = PBXFileReference; lastKnownFileType = sourcecode.swift; path = StepsProgressBar.swift; sourceTree = "<group>"; };
		C8E254222B27C56300274FC4 /* UploadEvidenceTask.swift */ = {isa = PBXFileReference; lastKnownFileType = sourcecode.swift; path = UploadEvidenceTask.swift; sourceTree = "<group>"; };
		C8E254252B27D39100274FC4 /* TasksPage.swift */ = {isa = PBXFileReference; lastKnownFileType = sourcecode.swift; path = TasksPage.swift; sourceTree = "<group>"; };
		C8E254272B27D61000274FC4 /* AllOrdersPage.swift */ = {isa = PBXFileReference; lastKnownFileType = sourcecode.swift; path = AllOrdersPage.swift; sourceTree = "<group>"; };
		C8E2542B2B27D65B00274FC4 /* MyAccountPage.swift */ = {isa = PBXFileReference; lastKnownFileType = sourcecode.swift; path = MyAccountPage.swift; sourceTree = "<group>"; };
		C8E2542E2B28F35500274FC4 /* Color.swift */ = {isa = PBXFileReference; lastKnownFileType = sourcecode.swift; path = Color.swift; sourceTree = "<group>"; };
		C8E254332B28F7C900274FC4 /* TaskView.swift */ = {isa = PBXFileReference; lastKnownFileType = sourcecode.swift; path = TaskView.swift; sourceTree = "<group>"; };
		C8E254352B28FD2F00274FC4 /* TaskDetailView.swift */ = {isa = PBXFileReference; lastKnownFileType = sourcecode.swift; path = TaskDetailView.swift; sourceTree = "<group>"; };
		C8E254372B29035900274FC4 /* OrderEvidenceDetailBox.swift */ = {isa = PBXFileReference; lastKnownFileType = sourcecode.swift; path = OrderEvidenceDetailBox.swift; sourceTree = "<group>"; };
		C8E254392B29037000274FC4 /* WhiteBox.swift */ = {isa = PBXFileReference; lastKnownFileType = sourcecode.swift; path = WhiteBox.swift; sourceTree = "<group>"; };
		C8E2543B2B29103400274FC4 /* OrderBadge.swift */ = {isa = PBXFileReference; lastKnownFileType = sourcecode.swift; path = OrderBadge.swift; sourceTree = "<group>"; };
		C8E2543D2B2913E000274FC4 /* ChainType.swift */ = {isa = PBXFileReference; lastKnownFileType = sourcecode.swift; path = ChainType.swift; sourceTree = "<group>"; };
		C8E254402B29B42300274FC4 /* TasksStore.swift */ = {isa = PBXFileReference; lastKnownFileType = sourcecode.swift; path = TasksStore.swift; sourceTree = "<group>"; };
		C8ECFF442B2A1C5D00D667F2 /* Chain.swift */ = {isa = PBXFileReference; lastKnownFileType = sourcecode.swift; path = Chain.swift; sourceTree = "<group>"; };
		C8ECFF462B2A22D600D667F2 /* ChainLinks.swift */ = {isa = PBXFileReference; lastKnownFileType = sourcecode.swift; path = ChainLinks.swift; sourceTree = "<group>"; };
		C8ECFF482B2A3D1C00D667F2 /* CustomFullButton.swift */ = {isa = PBXFileReference; lastKnownFileType = sourcecode.swift; path = CustomFullButton.swift; sourceTree = "<group>"; };
		C8F66DBF2B1B690A0011D89D /* Company.swift */ = {isa = PBXFileReference; lastKnownFileType = sourcecode.swift; path = Company.swift; sourceTree = "<group>"; };
		C8F66DC12B1B6B750011D89D /* Supplier.swift */ = {isa = PBXFileReference; lastKnownFileType = sourcecode.swift; path = Supplier.swift; sourceTree = "<group>"; };
		C8F66DC32B1B75590011D89D /* Facility.swift */ = {isa = PBXFileReference; lastKnownFileType = sourcecode.swift; path = Facility.swift; sourceTree = "<group>"; };
		C8F66DC52B1B79A30011D89D /* Brand.swift */ = {isa = PBXFileReference; lastKnownFileType = sourcecode.swift; path = Brand.swift; sourceTree = "<group>"; };
		C8F66DC72B1B7A030011D89D /* ContractualPartner.swift */ = {isa = PBXFileReference; lastKnownFileType = sourcecode.swift; path = ContractualPartner.swift; sourceTree = "<group>"; };
		C8F66DC92B1B7FA40011D89D /* Orderline.swift */ = {isa = PBXFileReference; lastKnownFileType = sourcecode.swift; path = Orderline.swift; sourceTree = "<group>"; };
		C8F66DCB2B1B816C0011D89D /* Step.swift */ = {isa = PBXFileReference; lastKnownFileType = sourcecode.swift; path = Step.swift; sourceTree = "<group>"; };
		C8F66DCD2B1B8A290011D89D /* OrderStep.swift */ = {isa = PBXFileReference; lastKnownFileType = sourcecode.swift; path = OrderStep.swift; sourceTree = "<group>"; };
		C8F66DD02B1B8AAA0011D89D /* Order.swift */ = {isa = PBXFileReference; lastKnownFileType = sourcecode.swift; path = Order.swift; sourceTree = "<group>"; };
		C8F66DD22B1B8F8A0011D89D /* Task.swift */ = {isa = PBXFileReference; lastKnownFileType = sourcecode.swift; path = Task.swift; sourceTree = "<group>"; };
		C8F66DD42B1B90570011D89D /* TaskStatus.swift */ = {isa = PBXFileReference; lastKnownFileType = sourcecode.swift; path = TaskStatus.swift; sourceTree = "<group>"; };
/* End PBXFileReference section */

/* Begin PBXFrameworksBuildPhase section */
		C8B8517C2B1A336300FE593C /* Frameworks */ = {
			isa = PBXFrameworksBuildPhase;
			buildActionMask = 2147483647;
			files = (
			);
			runOnlyForDeploymentPostprocessing = 0;
		};
		C8B8518C2B1A336600FE593C /* Frameworks */ = {
			isa = PBXFrameworksBuildPhase;
			buildActionMask = 2147483647;
			files = (
			);
			runOnlyForDeploymentPostprocessing = 0;
		};
		C8B851962B1A336600FE593C /* Frameworks */ = {
			isa = PBXFrameworksBuildPhase;
			buildActionMask = 2147483647;
			files = (
			);
			runOnlyForDeploymentPostprocessing = 0;
		};
/* End PBXFrameworksBuildPhase section */

/* Begin PBXGroup section */
		C86051C52B4F5CBD0047ADD4 /* OrderPages */ = {
			isa = PBXGroup;
			children = (
				C8E254272B27D61000274FC4 /* AllOrdersPage.swift */,
				C81AD6582B5149F0007494FE /* OrderDetailsPage.swift */,
				C83C3B0F2B57FA1C00CAD385 /* SelectStepsArea.swift */,
				C83C3B112B57FEBE00CAD385 /* SelectSameStepsArea.swift */,
				C83C3B132B580F9200CAD385 /* SelectSameOrdersArea.swift */,
				C886EDB42B5895E5001D0B08 /* UploadEvidencePage.swift */,
				C8A8F6FE2B5A9701009157BF /* UploadEvidenceArea.swift */,
			);
			path = OrderPages;
			sourceTree = "<group>";
		};
		C86F571E2B5D3D82004FA0F9 /* ErrorPages */ = {
			isa = PBXGroup;
			children = (
				C86F571C2B5D398A004FA0F9 /* ErrorTaskView.swift */,
			);
			path = ErrorPages;
			sourceTree = "<group>";
		};
		C86F572B2B5D72DB004FA0F9 /* CompliancePages */ = {
			isa = PBXGroup;
			children = (
				C86F571A2B5D387E004FA0F9 /* DocumentDetailsPage.swift */,
				C86F572C2B5D7328004FA0F9 /* AllCompliancePage.swift */,
			);
			path = CompliancePages;
			sourceTree = "<group>";
		};
		C8833BA82B51D71E00D773AC /* Buttons */ = {
			isa = PBXGroup;
			children = (
				C8ECFF482B2A3D1C00D667F2 /* CustomFullButton.swift */,
				C8833BA62B51D70400D773AC /* CustomEmptyButton.swift */,
			);
			path = Buttons;
			sourceTree = "<group>";
		};
		C8833BAB2B51DD3100D773AC /* Chain */ = {
			isa = PBXGroup;
			children = (
				C89390F02B51527200888446 /* OneChainLink.swift */,
				C89390F22B5157E800888446 /* LastChainLink.swift */,
				C8ECFF442B2A1C5D00D667F2 /* Chain.swift */,
				C8ECFF462B2A22D600D667F2 /* ChainLinks.swift */,
			);
			path = Chain;
			sourceTree = "<group>";
		};
		C8A8F7002B5B2893009157BF /* EvidencePictureArea */ = {
			isa = PBXGroup;
			children = (
				C8A8F7012B5B28CE009157BF /* UploadPictureButton.swift */,
				C8A8F7052B5B2E63009157BF /* ImageBoxView.swift */,
			);
			path = EvidencePictureArea;
			sourceTree = "<group>";
		};
		C8B851762B1A336300FE593C = {
			isa = PBXGroup;
			children = (
				C80C056D2B5C9EC90020EC4F /* dummyFile.pdf */,
				C8B851812B1A336300FE593C /* TexTracerApp */,
				C8B851922B1A336600FE593C /* TexTracerAppTests */,
				C8B8519C2B1A336600FE593C /* TexTracerAppUITests */,
				C8B851802B1A336300FE593C /* Products */,
			);
			sourceTree = "<group>";
		};
		C8B851802B1A336300FE593C /* Products */ = {
			isa = PBXGroup;
			children = (
				C8B8517F2B1A336300FE593C /* TexTracerApp.app */,
				C8B8518F2B1A336600FE593C /* TexTracerAppTests.xctest */,
				C8B851992B1A336600FE593C /* TexTracerAppUITests.xctest */,
			);
			name = Products;
			sourceTree = "<group>";
		};
		C8B851812B1A336300FE593C /* TexTracerApp */ = {
			isa = PBXGroup;
			children = (
				C8E2543F2B29B40000274FC4 /* Stores */,
				C8E254322B28F7B200274FC4 /* Components */,
				C8E2542D2B28F33100274FC4 /* Extensions */,
				C8E254242B27D33300274FC4 /* Pages */,
				C8F66DCF2B1B8A5B0011D89D /* Enums */,
				C8F66DBD2B1B687D0011D89D /* Models */,
				C8B851822B1A336300FE593C /* TexTracerAppApp.swift */,
				C8B851842B1A336300FE593C /* ContentView.swift */,
				C8B851862B1A336600FE593C /* Assets.xcassets */,
				C8B851882B1A336600FE593C /* Preview Content */,
				C86204332B4C4505003B5BA9 /* CustomPreviewProvider.swift */,
			);
			path = TexTracerApp;
			sourceTree = "<group>";
		};
		C8B851882B1A336600FE593C /* Preview Content */ = {
			isa = PBXGroup;
			children = (
				C8B851892B1A336600FE593C /* Preview Assets.xcassets */,
			);
			path = "Preview Content";
			sourceTree = "<group>";
		};
		C8B851922B1A336600FE593C /* TexTracerAppTests */ = {
			isa = PBXGroup;
			children = (
				C8B851932B1A336600FE593C /* TexTracerAppTests.swift */,
			);
			path = TexTracerAppTests;
			sourceTree = "<group>";
		};
		C8B8519C2B1A336600FE593C /* TexTracerAppUITests */ = {
			isa = PBXGroup;
			children = (
				C8B8519D2B1A336600FE593C /* TexTracerAppUITests.swift */,
				C8B8519F2B1A336600FE593C /* TexTracerAppUITestsLaunchTests.swift */,
			);
			path = TexTracerAppUITests;
			sourceTree = "<group>";
		};
		C8E254212B27C4C200274FC4 /* Task */ = {
			isa = PBXGroup;
			children = (
				C8F66DD22B1B8F8A0011D89D /* Task.swift */,
				C8E254222B27C56300274FC4 /* UploadEvidenceTask.swift */,
				C86051BB2B4EEE320047ADD4 /* ReviewEvidenceTask.swift */,
				C88C0C6B2B5C7A0B006E1803 /* ReadDocumentTask.swift */,
			);
			path = Task;
			sourceTree = "<group>";
		};
		C8E254242B27D33300274FC4 /* Pages */ = {
			isa = PBXGroup;
			children = (
				C86F572B2B5D72DB004FA0F9 /* CompliancePages */,
				C86F571E2B5D3D82004FA0F9 /* ErrorPages */,
				C86051C52B4F5CBD0047ADD4 /* OrderPages */,
				C8E254252B27D39100274FC4 /* TasksPage.swift */,
				C8E2542B2B27D65B00274FC4 /* MyAccountPage.swift */,
			);
			path = Pages;
			sourceTree = "<group>";
		};
		C8E2542D2B28F33100274FC4 /* Extensions */ = {
			isa = PBXGroup;
			children = (
				C8E2542E2B28F35500274FC4 /* Color.swift */,
			);
			path = Extensions;
			sourceTree = "<group>";
		};
		C8E254322B28F7B200274FC4 /* Components */ = {
			isa = PBXGroup;
			children = (
				C8A8F7002B5B2893009157BF /* EvidencePictureArea */,
				C8833BAB2B51DD3100D773AC /* Chain */,
				C8833BA82B51D71E00D773AC /* Buttons */,
				C8E254332B28F7C900274FC4 /* TaskView.swift */,
				C8E254352B28FD2F00274FC4 /* TaskDetailView.swift */,
				C8E254372B29035900274FC4 /* OrderEvidenceDetailBox.swift */,
				C8E254392B29037000274FC4 /* WhiteBox.swift */,
				C8E2543B2B29103400274FC4 /* OrderBadge.swift */,
				C8C5005F2B2C4A0200B36674 /* CheckBoxToggleStyle.swift */,
				C8C500612B2C4CCE00B36674 /* StepSwitch.swift */,
				C8C500632B2C692600B36674 /* UploadEvidenceView.swift */,
				C8C500652B2E101A00B36674 /* StepsProgressBar.swift */,
				C86051BF2B4F08560047ADD4 /* OrderDetailsArea.swift */,
				C8833BA92B51DAE400D773AC /* CustomUnderlinedText.swift */,
				C8A8F7032B5B29C0009157BF /* ImagePickerView.swift */,
				C8A8F7072B5BF0F5009157BF /* ImagePreviewContainer.swift */,
				C86F571F2B5D3E20004FA0F9 /* PDFThumbnail.swift */,
				C86F57212B5D5249004FA0F9 /* CommentTextField.swift */,
				C86F57232B5D5440004FA0F9 /* CommentSection.swift */,
				C86F57252B5D6A8D004FA0F9 /* Message.swift */,
				C86F57272B5D6E7A004FA0F9 /* ChatBubbleShape.swift */,
				C86F57292B5D6ED9004FA0F9 /* ChatBubble.swift */,
			);
			path = Components;
			sourceTree = "<group>";
		};
		C8E2543F2B29B40000274FC4 /* Stores */ = {
			isa = PBXGroup;
			children = (
				C8E254402B29B42300274FC4 /* TasksStore.swift */,
				C86051C12B4F58090047ADD4 /* DataStore.swift */,
				C88C0C692B5C794F006E1803 /* ReadComplianceDataStore.swift */,
			);
			path = Stores;
			sourceTree = "<group>";
		};
		C8F66DBD2B1B687D0011D89D /* Models */ = {
			isa = PBXGroup;
			children = (
				C8E254212B27C4C200274FC4 /* Task */,
				C8F66DBE2B1B68D60011D89D /* Companies */,
				C8F66DC32B1B75590011D89D /* Facility.swift */,
				C8F66DC92B1B7FA40011D89D /* Orderline.swift */,
				C8F66DCD2B1B8A290011D89D /* OrderStep.swift */,
				C8F66DD02B1B8AAA0011D89D /* Order.swift */,
			);
			path = Models;
			sourceTree = "<group>";
		};
		C8F66DBE2B1B68D60011D89D /* Companies */ = {
			isa = PBXGroup;
			children = (
				C8F66DBF2B1B690A0011D89D /* Company.swift */,
				C8F66DC12B1B6B750011D89D /* Supplier.swift */,
				C8F66DC52B1B79A30011D89D /* Brand.swift */,
				C8F66DC72B1B7A030011D89D /* ContractualPartner.swift */,
			);
			path = Companies;
			sourceTree = "<group>";
		};
		C8F66DCF2B1B8A5B0011D89D /* Enums */ = {
			isa = PBXGroup;
			children = (
				C8F66DD42B1B90570011D89D /* TaskStatus.swift */,
				C8F66DCB2B1B816C0011D89D /* Step.swift */,
				C8E2543D2B2913E000274FC4 /* ChainType.swift */,
			);
			path = Enums;
			sourceTree = "<group>";
		};
/* End PBXGroup section */

/* Begin PBXNativeTarget section */
		C8B8517E2B1A336300FE593C /* TexTracerApp */ = {
			isa = PBXNativeTarget;
			buildConfigurationList = C8B851A32B1A336600FE593C /* Build configuration list for PBXNativeTarget "TexTracerApp" */;
			buildPhases = (
				C8B8517B2B1A336300FE593C /* Sources */,
				C8B8517C2B1A336300FE593C /* Frameworks */,
				C8B8517D2B1A336300FE593C /* Resources */,
			);
			buildRules = (
			);
			dependencies = (
			);
			name = TexTracerApp;
			productName = TexTracerApp;
			productReference = C8B8517F2B1A336300FE593C /* TexTracerApp.app */;
			productType = "com.apple.product-type.application";
		};
		C8B8518E2B1A336600FE593C /* TexTracerAppTests */ = {
			isa = PBXNativeTarget;
			buildConfigurationList = C8B851A62B1A336600FE593C /* Build configuration list for PBXNativeTarget "TexTracerAppTests" */;
			buildPhases = (
				C8B8518B2B1A336600FE593C /* Sources */,
				C8B8518C2B1A336600FE593C /* Frameworks */,
				C8B8518D2B1A336600FE593C /* Resources */,
			);
			buildRules = (
			);
			dependencies = (
				C8B851912B1A336600FE593C /* PBXTargetDependency */,
			);
			name = TexTracerAppTests;
			productName = TexTracerAppTests;
			productReference = C8B8518F2B1A336600FE593C /* TexTracerAppTests.xctest */;
			productType = "com.apple.product-type.bundle.unit-test";
		};
		C8B851982B1A336600FE593C /* TexTracerAppUITests */ = {
			isa = PBXNativeTarget;
			buildConfigurationList = C8B851A92B1A336600FE593C /* Build configuration list for PBXNativeTarget "TexTracerAppUITests" */;
			buildPhases = (
				C8B851952B1A336600FE593C /* Sources */,
				C8B851962B1A336600FE593C /* Frameworks */,
				C8B851972B1A336600FE593C /* Resources */,
			);
			buildRules = (
			);
			dependencies = (
				C8B8519B2B1A336600FE593C /* PBXTargetDependency */,
			);
			name = TexTracerAppUITests;
			productName = TexTracerAppUITests;
			productReference = C8B851992B1A336600FE593C /* TexTracerAppUITests.xctest */;
			productType = "com.apple.product-type.bundle.ui-testing";
		};
/* End PBXNativeTarget section */

/* Begin PBXProject section */
		C8B851772B1A336300FE593C /* Project object */ = {
			isa = PBXProject;
			attributes = {
				BuildIndependentTargetsInParallel = 1;
				LastSwiftUpdateCheck = 1500;
				LastUpgradeCheck = 1500;
				TargetAttributes = {
					C8B8517E2B1A336300FE593C = {
						CreatedOnToolsVersion = 15.0.1;
					};
					C8B8518E2B1A336600FE593C = {
						CreatedOnToolsVersion = 15.0.1;
						TestTargetID = C8B8517E2B1A336300FE593C;
					};
					C8B851982B1A336600FE593C = {
						CreatedOnToolsVersion = 15.0.1;
						TestTargetID = C8B8517E2B1A336300FE593C;
					};
				};
			};
			buildConfigurationList = C8B8517A2B1A336300FE593C /* Build configuration list for PBXProject "TexTracerApp" */;
			compatibilityVersion = "Xcode 14.0";
			developmentRegion = en;
			hasScannedForEncodings = 0;
			knownRegions = (
				en,
				Base,
			);
			mainGroup = C8B851762B1A336300FE593C;
			productRefGroup = C8B851802B1A336300FE593C /* Products */;
			projectDirPath = "";
			projectRoot = "";
			targets = (
				C8B8517E2B1A336300FE593C /* TexTracerApp */,
				C8B8518E2B1A336600FE593C /* TexTracerAppTests */,
				C8B851982B1A336600FE593C /* TexTracerAppUITests */,
			);
		};
/* End PBXProject section */

/* Begin PBXResourcesBuildPhase section */
		C8B8517D2B1A336300FE593C /* Resources */ = {
			isa = PBXResourcesBuildPhase;
			buildActionMask = 2147483647;
			files = (
				C80C056E2B5C9EC90020EC4F /* dummyFile.pdf in Resources */,
				C8B8518A2B1A336600FE593C /* Preview Assets.xcassets in Resources */,
				C8B851872B1A336600FE593C /* Assets.xcassets in Resources */,
			);
			runOnlyForDeploymentPostprocessing = 0;
		};
		C8B8518D2B1A336600FE593C /* Resources */ = {
			isa = PBXResourcesBuildPhase;
			buildActionMask = 2147483647;
			files = (
			);
			runOnlyForDeploymentPostprocessing = 0;
		};
		C8B851972B1A336600FE593C /* Resources */ = {
			isa = PBXResourcesBuildPhase;
			buildActionMask = 2147483647;
			files = (
			);
			runOnlyForDeploymentPostprocessing = 0;
		};
/* End PBXResourcesBuildPhase section */

/* Begin PBXSourcesBuildPhase section */
		C8B8517B2B1A336300FE593C /* Sources */ = {
			isa = PBXSourcesBuildPhase;
			buildActionMask = 2147483647;
			files = (
				C8F66DCE2B1B8A290011D89D /* OrderStep.swift in Sources */,
				C86F57282B5D6E7A004FA0F9 /* ChatBubbleShape.swift in Sources */,
				C83C3B102B57FA1C00CAD385 /* SelectStepsArea.swift in Sources */,
				C8C500622B2C4CCE00B36674 /* StepSwitch.swift in Sources */,
				C8B851852B1A336300FE593C /* ContentView.swift in Sources */,
				C86051C02B4F08560047ADD4 /* OrderDetailsArea.swift in Sources */,
				C89390F12B51527200888446 /* OneChainLink.swift in Sources */,
				C8E2543C2B29103400274FC4 /* OrderBadge.swift in Sources */,
				C86F572A2B5D6ED9004FA0F9 /* ChatBubble.swift in Sources */,
				C8833BA72B51D70400D773AC /* CustomEmptyButton.swift in Sources */,
				C8F66DC62B1B79A30011D89D /* Brand.swift in Sources */,
				C86F57242B5D5440004FA0F9 /* CommentSection.swift in Sources */,
				C8ECFF492B2A3D1C00D667F2 /* CustomFullButton.swift in Sources */,
				C86204342B4C4505003B5BA9 /* CustomPreviewProvider.swift in Sources */,
				C83C3B142B580F9200CAD385 /* SelectSameOrdersArea.swift in Sources */,
				C8E254382B29035900274FC4 /* OrderEvidenceDetailBox.swift in Sources */,
				C8F66DC22B1B6B750011D89D /* Supplier.swift in Sources */,
				C8E254342B28F7C900274FC4 /* TaskView.swift in Sources */,
				C8A8F7082B5BF0F5009157BF /* ImagePreviewContainer.swift in Sources */,
				C8F66DD32B1B8F8A0011D89D /* Task.swift in Sources */,
				C8F66DD52B1B90570011D89D /* TaskStatus.swift in Sources */,
				C8E2543A2B29037000274FC4 /* WhiteBox.swift in Sources */,
				C86F57202B5D3E20004FA0F9 /* PDFThumbnail.swift in Sources */,
				C89390F32B5157E800888446 /* LastChainLink.swift in Sources */,
				C8F66DD12B1B8AAA0011D89D /* Order.swift in Sources */,
				C8A8F7062B5B2E63009157BF /* ImageBoxView.swift in Sources */,
				C8ECFF472B2A22D600D667F2 /* ChainLinks.swift in Sources */,
				C8F66DC42B1B75590011D89D /* Facility.swift in Sources */,
				C8ECFF452B2A1C5D00D667F2 /* Chain.swift in Sources */,
				C8E2542C2B27D65B00274FC4 /* MyAccountPage.swift in Sources */,
				C8B851832B1A336300FE593C /* TexTracerAppApp.swift in Sources */,
				C8A8F7042B5B29C0009157BF /* ImagePickerView.swift in Sources */,
				C88C0C6A2B5C794F006E1803 /* ReadComplianceDataStore.swift in Sources */,
				C8F66DC82B1B7A030011D89D /* ContractualPartner.swift in Sources */,
				C886EDB52B5895E5001D0B08 /* UploadEvidencePage.swift in Sources */,
				C8E2542F2B28F35500274FC4 /* Color.swift in Sources */,
				C8F66DCA2B1B7FA40011D89D /* Orderline.swift in Sources */,
				C86F572D2B5D7328004FA0F9 /* AllCompliancePage.swift in Sources */,
				C86051BC2B4EEE320047ADD4 /* ReviewEvidenceTask.swift in Sources */,
				C86051C22B4F58090047ADD4 /* DataStore.swift in Sources */,
				C8E254362B28FD2F00274FC4 /* TaskDetailView.swift in Sources */,
				C83C3B122B57FEBE00CAD385 /* SelectSameStepsArea.swift in Sources */,
				C86F57262B5D6A8D004FA0F9 /* Message.swift in Sources */,
				C86F57222B5D5249004FA0F9 /* CommentTextField.swift in Sources */,
				C8A8F7022B5B28CE009157BF /* UploadPictureButton.swift in Sources */,
				C8C500662B2E101A00B36674 /* StepsProgressBar.swift in Sources */,
				C81AD6592B5149F0007494FE /* OrderDetailsPage.swift in Sources */,
				C88C0C6C2B5C7A0B006E1803 /* ReadDocumentTask.swift in Sources */,
				C8A8F6FF2B5A9701009157BF /* UploadEvidenceArea.swift in Sources */,
				C8C500642B2C692600B36674 /* UploadEvidenceView.swift in Sources */,
				C8E254412B29B42300274FC4 /* TasksStore.swift in Sources */,
				C8833BAA2B51DAE400D773AC /* CustomUnderlinedText.swift in Sources */,
				C8E2543E2B2913E000274FC4 /* ChainType.swift in Sources */,
				C8F66DCC2B1B816C0011D89D /* Step.swift in Sources */,
				C86F571D2B5D398A004FA0F9 /* ErrorTaskView.swift in Sources */,
				C8E254232B27C56300274FC4 /* UploadEvidenceTask.swift in Sources */,
				C8C500602B2C4A0200B36674 /* CheckBoxToggleStyle.swift in Sources */,
				C8F66DC02B1B690A0011D89D /* Company.swift in Sources */,
				C8E254282B27D61000274FC4 /* AllOrdersPage.swift in Sources */,
				C86F571B2B5D387E004FA0F9 /* DocumentDetailsPage.swift in Sources */,
				C8E254262B27D39100274FC4 /* TasksPage.swift in Sources */,
			);
			runOnlyForDeploymentPostprocessing = 0;
		};
		C8B8518B2B1A336600FE593C /* Sources */ = {
			isa = PBXSourcesBuildPhase;
			buildActionMask = 2147483647;
			files = (
				C8B851942B1A336600FE593C /* TexTracerAppTests.swift in Sources */,
			);
			runOnlyForDeploymentPostprocessing = 0;
		};
		C8B851952B1A336600FE593C /* Sources */ = {
			isa = PBXSourcesBuildPhase;
			buildActionMask = 2147483647;
			files = (
				C8B8519E2B1A336600FE593C /* TexTracerAppUITests.swift in Sources */,
				C8B851A02B1A336600FE593C /* TexTracerAppUITestsLaunchTests.swift in Sources */,
			);
			runOnlyForDeploymentPostprocessing = 0;
		};
/* End PBXSourcesBuildPhase section */

/* Begin PBXTargetDependency section */
		C8B851912B1A336600FE593C /* PBXTargetDependency */ = {
			isa = PBXTargetDependency;
			target = C8B8517E2B1A336300FE593C /* TexTracerApp */;
			targetProxy = C8B851902B1A336600FE593C /* PBXContainerItemProxy */;
		};
		C8B8519B2B1A336600FE593C /* PBXTargetDependency */ = {
			isa = PBXTargetDependency;
			target = C8B8517E2B1A336300FE593C /* TexTracerApp */;
			targetProxy = C8B8519A2B1A336600FE593C /* PBXContainerItemProxy */;
		};
/* End PBXTargetDependency section */

/* Begin XCBuildConfiguration section */
		C8B851A12B1A336600FE593C /* Debug */ = {
			isa = XCBuildConfiguration;
			buildSettings = {
				ALWAYS_SEARCH_USER_PATHS = NO;
				ASSETCATALOG_COMPILER_GENERATE_SWIFT_ASSET_SYMBOL_EXTENSIONS = YES;
				CLANG_ANALYZER_NONNULL = YES;
				CLANG_ANALYZER_NUMBER_OBJECT_CONVERSION = YES_AGGRESSIVE;
				CLANG_CXX_LANGUAGE_STANDARD = "gnu++20";
				CLANG_ENABLE_MODULES = YES;
				CLANG_ENABLE_OBJC_ARC = YES;
				CLANG_ENABLE_OBJC_WEAK = YES;
				CLANG_WARN_BLOCK_CAPTURE_AUTORELEASING = YES;
				CLANG_WARN_BOOL_CONVERSION = YES;
				CLANG_WARN_COMMA = YES;
				CLANG_WARN_CONSTANT_CONVERSION = YES;
				CLANG_WARN_DEPRECATED_OBJC_IMPLEMENTATIONS = YES;
				CLANG_WARN_DIRECT_OBJC_ISA_USAGE = YES_ERROR;
				CLANG_WARN_DOCUMENTATION_COMMENTS = YES;
				CLANG_WARN_EMPTY_BODY = YES;
				CLANG_WARN_ENUM_CONVERSION = YES;
				CLANG_WARN_INFINITE_RECURSION = YES;
				CLANG_WARN_INT_CONVERSION = YES;
				CLANG_WARN_NON_LITERAL_NULL_CONVERSION = YES;
				CLANG_WARN_OBJC_IMPLICIT_RETAIN_SELF = YES;
				CLANG_WARN_OBJC_LITERAL_CONVERSION = YES;
				CLANG_WARN_OBJC_ROOT_CLASS = YES_ERROR;
				CLANG_WARN_QUOTED_INCLUDE_IN_FRAMEWORK_HEADER = YES;
				CLANG_WARN_RANGE_LOOP_ANALYSIS = YES;
				CLANG_WARN_STRICT_PROTOTYPES = YES;
				CLANG_WARN_SUSPICIOUS_MOVE = YES;
				CLANG_WARN_UNGUARDED_AVAILABILITY = YES_AGGRESSIVE;
				CLANG_WARN_UNREACHABLE_CODE = YES;
				CLANG_WARN__DUPLICATE_METHOD_MATCH = YES;
				COPY_PHASE_STRIP = NO;
				DEBUG_INFORMATION_FORMAT = dwarf;
				ENABLE_STRICT_OBJC_MSGSEND = YES;
				ENABLE_TESTABILITY = YES;
				ENABLE_USER_SCRIPT_SANDBOXING = YES;
				GCC_C_LANGUAGE_STANDARD = gnu17;
				GCC_DYNAMIC_NO_PIC = NO;
				GCC_NO_COMMON_BLOCKS = YES;
				GCC_OPTIMIZATION_LEVEL = 0;
				GCC_PREPROCESSOR_DEFINITIONS = (
					"DEBUG=1",
					"$(inherited)",
				);
				GCC_WARN_64_TO_32_BIT_CONVERSION = YES;
				GCC_WARN_ABOUT_RETURN_TYPE = YES_ERROR;
				GCC_WARN_UNDECLARED_SELECTOR = YES;
				GCC_WARN_UNINITIALIZED_AUTOS = YES_AGGRESSIVE;
				GCC_WARN_UNUSED_FUNCTION = YES;
				GCC_WARN_UNUSED_VARIABLE = YES;
				IPHONEOS_DEPLOYMENT_TARGET = 17.0;
				LOCALIZATION_PREFERS_STRING_CATALOGS = YES;
				MTL_ENABLE_DEBUG_INFO = INCLUDE_SOURCE;
				MTL_FAST_MATH = YES;
				ONLY_ACTIVE_ARCH = YES;
				SDKROOT = iphoneos;
				SWIFT_ACTIVE_COMPILATION_CONDITIONS = "DEBUG $(inherited)";
				SWIFT_OPTIMIZATION_LEVEL = "-Onone";
			};
			name = Debug;
		};
		C8B851A22B1A336600FE593C /* Release */ = {
			isa = XCBuildConfiguration;
			buildSettings = {
				ALWAYS_SEARCH_USER_PATHS = NO;
				ASSETCATALOG_COMPILER_GENERATE_SWIFT_ASSET_SYMBOL_EXTENSIONS = YES;
				CLANG_ANALYZER_NONNULL = YES;
				CLANG_ANALYZER_NUMBER_OBJECT_CONVERSION = YES_AGGRESSIVE;
				CLANG_CXX_LANGUAGE_STANDARD = "gnu++20";
				CLANG_ENABLE_MODULES = YES;
				CLANG_ENABLE_OBJC_ARC = YES;
				CLANG_ENABLE_OBJC_WEAK = YES;
				CLANG_WARN_BLOCK_CAPTURE_AUTORELEASING = YES;
				CLANG_WARN_BOOL_CONVERSION = YES;
				CLANG_WARN_COMMA = YES;
				CLANG_WARN_CONSTANT_CONVERSION = YES;
				CLANG_WARN_DEPRECATED_OBJC_IMPLEMENTATIONS = YES;
				CLANG_WARN_DIRECT_OBJC_ISA_USAGE = YES_ERROR;
				CLANG_WARN_DOCUMENTATION_COMMENTS = YES;
				CLANG_WARN_EMPTY_BODY = YES;
				CLANG_WARN_ENUM_CONVERSION = YES;
				CLANG_WARN_INFINITE_RECURSION = YES;
				CLANG_WARN_INT_CONVERSION = YES;
				CLANG_WARN_NON_LITERAL_NULL_CONVERSION = YES;
				CLANG_WARN_OBJC_IMPLICIT_RETAIN_SELF = YES;
				CLANG_WARN_OBJC_LITERAL_CONVERSION = YES;
				CLANG_WARN_OBJC_ROOT_CLASS = YES_ERROR;
				CLANG_WARN_QUOTED_INCLUDE_IN_FRAMEWORK_HEADER = YES;
				CLANG_WARN_RANGE_LOOP_ANALYSIS = YES;
				CLANG_WARN_STRICT_PROTOTYPES = YES;
				CLANG_WARN_SUSPICIOUS_MOVE = YES;
				CLANG_WARN_UNGUARDED_AVAILABILITY = YES_AGGRESSIVE;
				CLANG_WARN_UNREACHABLE_CODE = YES;
				CLANG_WARN__DUPLICATE_METHOD_MATCH = YES;
				COPY_PHASE_STRIP = NO;
				DEBUG_INFORMATION_FORMAT = "dwarf-with-dsym";
				ENABLE_NS_ASSERTIONS = NO;
				ENABLE_STRICT_OBJC_MSGSEND = YES;
				ENABLE_USER_SCRIPT_SANDBOXING = YES;
				GCC_C_LANGUAGE_STANDARD = gnu17;
				GCC_NO_COMMON_BLOCKS = YES;
				GCC_WARN_64_TO_32_BIT_CONVERSION = YES;
				GCC_WARN_ABOUT_RETURN_TYPE = YES_ERROR;
				GCC_WARN_UNDECLARED_SELECTOR = YES;
				GCC_WARN_UNINITIALIZED_AUTOS = YES_AGGRESSIVE;
				GCC_WARN_UNUSED_FUNCTION = YES;
				GCC_WARN_UNUSED_VARIABLE = YES;
				IPHONEOS_DEPLOYMENT_TARGET = 17.0;
				LOCALIZATION_PREFERS_STRING_CATALOGS = YES;
				MTL_ENABLE_DEBUG_INFO = NO;
				MTL_FAST_MATH = YES;
				SDKROOT = iphoneos;
				SWIFT_COMPILATION_MODE = wholemodule;
				VALIDATE_PRODUCT = YES;
			};
			name = Release;
		};
		C8B851A42B1A336600FE593C /* Debug */ = {
			isa = XCBuildConfiguration;
			buildSettings = {
				ASSETCATALOG_COMPILER_APPICON_NAME = AppIcon;
				ASSETCATALOG_COMPILER_GLOBAL_ACCENT_COLOR_NAME = AccentColor;
				CODE_SIGN_STYLE = Automatic;
				CURRENT_PROJECT_VERSION = 1;
				DEVELOPMENT_ASSET_PATHS = "\"TexTracerApp/Preview Content\"";
				DEVELOPMENT_TEAM = WUSW867AZH;
				ENABLE_PREVIEWS = YES;
				GENERATE_INFOPLIST_FILE = YES;
				INFOPLIST_KEY_CFBundleDisplayName = Tex.tracer;
				INFOPLIST_KEY_UIApplicationSceneManifest_Generation = YES;
				INFOPLIST_KEY_UIApplicationSupportsIndirectInputEvents = YES;
				INFOPLIST_KEY_UILaunchScreen_Generation = YES;
				INFOPLIST_KEY_UIStatusBarStyle = "";
				INFOPLIST_KEY_UISupportedInterfaceOrientations = UIInterfaceOrientationPortrait;
				INFOPLIST_KEY_UISupportedInterfaceOrientations_iPad = "UIInterfaceOrientationPortrait UIInterfaceOrientationPortraitUpsideDown";
				LD_RUNPATH_SEARCH_PATHS = (
					"$(inherited)",
					"@executable_path/Frameworks",
				);
				MARKETING_VERSION = 1.0;
				PRODUCT_BUNDLE_IDENTIFIER = nl.aldera.lisa.TexTracerApp;
				PRODUCT_NAME = "$(TARGET_NAME)";
				SUPPORTED_PLATFORMS = "iphoneos iphonesimulator";
				SUPPORTS_MACCATALYST = NO;
				SUPPORTS_MAC_DESIGNED_FOR_IPHONE_IPAD = NO;
				SWIFT_EMIT_LOC_STRINGS = YES;
				SWIFT_VERSION = 5.0;
				TARGETED_DEVICE_FAMILY = "1,2";
			};
			name = Debug;
		};
		C8B851A52B1A336600FE593C /* Release */ = {
			isa = XCBuildConfiguration;
			buildSettings = {
				ASSETCATALOG_COMPILER_APPICON_NAME = AppIcon;
				ASSETCATALOG_COMPILER_GLOBAL_ACCENT_COLOR_NAME = AccentColor;
				CODE_SIGN_STYLE = Automatic;
				CURRENT_PROJECT_VERSION = 1;
				DEVELOPMENT_ASSET_PATHS = "\"TexTracerApp/Preview Content\"";
				DEVELOPMENT_TEAM = WUSW867AZH;
				ENABLE_PREVIEWS = YES;
				GENERATE_INFOPLIST_FILE = YES;
				INFOPLIST_KEY_CFBundleDisplayName = Tex.tracer;
				INFOPLIST_KEY_UIApplicationSceneManifest_Generation = YES;
				INFOPLIST_KEY_UIApplicationSupportsIndirectInputEvents = YES;
				INFOPLIST_KEY_UILaunchScreen_Generation = YES;
				INFOPLIST_KEY_UIStatusBarStyle = "";
				INFOPLIST_KEY_UISupportedInterfaceOrientations = UIInterfaceOrientationPortrait;
				INFOPLIST_KEY_UISupportedInterfaceOrientations_iPad = "UIInterfaceOrientationPortrait UIInterfaceOrientationPortraitUpsideDown";
				LD_RUNPATH_SEARCH_PATHS = (
					"$(inherited)",
					"@executable_path/Frameworks",
				);
				MARKETING_VERSION = 1.0;
				PRODUCT_BUNDLE_IDENTIFIER = nl.aldera.lisa.TexTracerApp;
				PRODUCT_NAME = "$(TARGET_NAME)";
				SUPPORTED_PLATFORMS = "iphoneos iphonesimulator";
				SUPPORTS_MACCATALYST = NO;
				SUPPORTS_MAC_DESIGNED_FOR_IPHONE_IPAD = NO;
				SWIFT_EMIT_LOC_STRINGS = YES;
				SWIFT_VERSION = 5.0;
				TARGETED_DEVICE_FAMILY = "1,2";
			};
			name = Release;
		};
		C8B851A72B1A336600FE593C /* Debug */ = {
			isa = XCBuildConfiguration;
			buildSettings = {
				ALWAYS_EMBED_SWIFT_STANDARD_LIBRARIES = YES;
				BUNDLE_LOADER = "$(TEST_HOST)";
				CODE_SIGN_STYLE = Automatic;
				CURRENT_PROJECT_VERSION = 1;
				GENERATE_INFOPLIST_FILE = YES;
				IPHONEOS_DEPLOYMENT_TARGET = 17.0;
				MARKETING_VERSION = 1.0;
				PRODUCT_BUNDLE_IDENTIFIER = nl.aldera.lisa.TexTracerAppTests;
				PRODUCT_NAME = "$(TARGET_NAME)";
				SWIFT_EMIT_LOC_STRINGS = NO;
				SWIFT_VERSION = 5.0;
				TARGETED_DEVICE_FAMILY = "1,2";
				TEST_HOST = "$(BUILT_PRODUCTS_DIR)/TexTracerApp.app/$(BUNDLE_EXECUTABLE_FOLDER_PATH)/TexTracerApp";
			};
			name = Debug;
		};
		C8B851A82B1A336600FE593C /* Release */ = {
			isa = XCBuildConfiguration;
			buildSettings = {
				ALWAYS_EMBED_SWIFT_STANDARD_LIBRARIES = YES;
				BUNDLE_LOADER = "$(TEST_HOST)";
				CODE_SIGN_STYLE = Automatic;
				CURRENT_PROJECT_VERSION = 1;
				GENERATE_INFOPLIST_FILE = YES;
				IPHONEOS_DEPLOYMENT_TARGET = 17.0;
				MARKETING_VERSION = 1.0;
				PRODUCT_BUNDLE_IDENTIFIER = nl.aldera.lisa.TexTracerAppTests;
				PRODUCT_NAME = "$(TARGET_NAME)";
				SWIFT_EMIT_LOC_STRINGS = NO;
				SWIFT_VERSION = 5.0;
				TARGETED_DEVICE_FAMILY = "1,2";
				TEST_HOST = "$(BUILT_PRODUCTS_DIR)/TexTracerApp.app/$(BUNDLE_EXECUTABLE_FOLDER_PATH)/TexTracerApp";
			};
			name = Release;
		};
		C8B851AA2B1A336600FE593C /* Debug */ = {
			isa = XCBuildConfiguration;
			buildSettings = {
				ALWAYS_EMBED_SWIFT_STANDARD_LIBRARIES = YES;
				CODE_SIGN_STYLE = Automatic;
				CURRENT_PROJECT_VERSION = 1;
				GENERATE_INFOPLIST_FILE = YES;
				MARKETING_VERSION = 1.0;
				PRODUCT_BUNDLE_IDENTIFIER = nl.aldera.lisa.TexTracerAppUITests;
				PRODUCT_NAME = "$(TARGET_NAME)";
				SWIFT_EMIT_LOC_STRINGS = NO;
				SWIFT_VERSION = 5.0;
				TARGETED_DEVICE_FAMILY = "1,2";
				TEST_TARGET_NAME = TexTracerApp;
			};
			name = Debug;
		};
		C8B851AB2B1A336600FE593C /* Release */ = {
			isa = XCBuildConfiguration;
			buildSettings = {
				ALWAYS_EMBED_SWIFT_STANDARD_LIBRARIES = YES;
				CODE_SIGN_STYLE = Automatic;
				CURRENT_PROJECT_VERSION = 1;
				GENERATE_INFOPLIST_FILE = YES;
				MARKETING_VERSION = 1.0;
				PRODUCT_BUNDLE_IDENTIFIER = nl.aldera.lisa.TexTracerAppUITests;
				PRODUCT_NAME = "$(TARGET_NAME)";
				SWIFT_EMIT_LOC_STRINGS = NO;
				SWIFT_VERSION = 5.0;
				TARGETED_DEVICE_FAMILY = "1,2";
				TEST_TARGET_NAME = TexTracerApp;
			};
			name = Release;
		};
/* End XCBuildConfiguration section */

/* Begin XCConfigurationList section */
		C8B8517A2B1A336300FE593C /* Build configuration list for PBXProject "TexTracerApp" */ = {
			isa = XCConfigurationList;
			buildConfigurations = (
				C8B851A12B1A336600FE593C /* Debug */,
				C8B851A22B1A336600FE593C /* Release */,
			);
			defaultConfigurationIsVisible = 0;
			defaultConfigurationName = Release;
		};
		C8B851A32B1A336600FE593C /* Build configuration list for PBXNativeTarget "TexTracerApp" */ = {
			isa = XCConfigurationList;
			buildConfigurations = (
				C8B851A42B1A336600FE593C /* Debug */,
				C8B851A52B1A336600FE593C /* Release */,
			);
			defaultConfigurationIsVisible = 0;
			defaultConfigurationName = Release;
		};
		C8B851A62B1A336600FE593C /* Build configuration list for PBXNativeTarget "TexTracerAppTests" */ = {
			isa = XCConfigurationList;
			buildConfigurations = (
				C8B851A72B1A336600FE593C /* Debug */,
				C8B851A82B1A336600FE593C /* Release */,
			);
			defaultConfigurationIsVisible = 0;
			defaultConfigurationName = Release;
		};
		C8B851A92B1A336600FE593C /* Build configuration list for PBXNativeTarget "TexTracerAppUITests" */ = {
			isa = XCConfigurationList;
			buildConfigurations = (
				C8B851AA2B1A336600FE593C /* Debug */,
				C8B851AB2B1A336600FE593C /* Release */,
			);
			defaultConfigurationIsVisible = 0;
			defaultConfigurationName = Release;
		};
/* End XCConfigurationList section */
	};
	rootObject = C8B851772B1A336300FE593C /* Project object */;
}
