// !$*UTF8*$!
{
	archiveVersion = 1;
	classes = {
	};
	objectVersion = 56;
	objects = {

/* Begin PBXBuildFile section */
		C8B851832B1A336300FE593C /* TexTracerAppApp.swift in Sources */ = {isa = PBXBuildFile; fileRef = C8B851822B1A336300FE593C /* TexTracerAppApp.swift */; };
		C8B851852B1A336300FE593C /* ContentView.swift in Sources */ = {isa = PBXBuildFile; fileRef = C8B851842B1A336300FE593C /* ContentView.swift */; };
		C8B851872B1A336600FE593C /* Assets.xcassets in Resources */ = {isa = PBXBuildFile; fileRef = C8B851862B1A336600FE593C /* Assets.xcassets */; };
		C8B8518A2B1A336600FE593C /* Preview Assets.xcassets in Resources */ = {isa = PBXBuildFile; fileRef = C8B851892B1A336600FE593C /* Preview Assets.xcassets */; };
		C8B851942B1A336600FE593C /* TexTracerAppTests.swift in Sources */ = {isa = PBXBuildFile; fileRef = C8B851932B1A336600FE593C /* TexTracerAppTests.swift */; };
		C8B8519E2B1A336600FE593C /* TexTracerAppUITests.swift in Sources */ = {isa = PBXBuildFile; fileRef = C8B8519D2B1A336600FE593C /* TexTracerAppUITests.swift */; };
		C8B851A02B1A336600FE593C /* TexTracerAppUITestsLaunchTests.swift in Sources */ = {isa = PBXBuildFile; fileRef = C8B8519F2B1A336600FE593C /* TexTracerAppUITestsLaunchTests.swift */; };
		C8F66DC02B1B690A0011D89D /* Company.swift in Sources */ = {isa = PBXBuildFile; fileRef = C8F66DBF2B1B690A0011D89D /* Company.swift */; };
		C8F66DC22B1B6B750011D89D /* Supplier.swift in Sources */ = {isa = PBXBuildFile; fileRef = C8F66DC12B1B6B750011D89D /* Supplier.swift */; };
		C8F66DC42B1B75590011D89D /* Facility.swift in Sources */ = {isa = PBXBuildFile; fileRef = C8F66DC32B1B75590011D89D /* Facility.swift */; };
		C8F66DC62B1B79A30011D89D /* Brand.swift in Sources */ = {isa = PBXBuildFile; fileRef = C8F66DC52B1B79A30011D89D /* Brand.swift */; };
		C8F66DC82B1B7A030011D89D /* ContractualPartner.swift in Sources */ = {isa = PBXBuildFile; fileRef = C8F66DC72B1B7A030011D89D /* ContractualPartner.swift */; };
		C8F66DCA2B1B7FA40011D89D /* Orderline.swift in Sources */ = {isa = PBXBuildFile; fileRef = C8F66DC92B1B7FA40011D89D /* Orderline.swift */; };
		C8F66DCC2B1B816C0011D89D /* Step.swift in Sources */ = {isa = PBXBuildFile; fileRef = C8F66DCB2B1B816C0011D89D /* Step.swift */; };
		C8F66DCE2B1B8A290011D89D /* OrderStep.swift in Sources */ = {isa = PBXBuildFile; fileRef = C8F66DCD2B1B8A290011D89D /* OrderStep.swift */; };
		C8F66DD12B1B8AAA0011D89D /* Order.swift in Sources */ = {isa = PBXBuildFile; fileRef = C8F66DD02B1B8AAA0011D89D /* Order.swift */; };
/* End PBXBuildFile section */

/* Begin PBXContainerItemProxy section */
		C8B851902B1A336600FE593C /* PBXContainerItemProxy */ = {
			isa = PBXContainerItemProxy;
			containerPortal = C8B851772B1A336300FE593C /* Project object */;
			proxyType = 1;
			remoteGlobalIDString = C8B8517E2B1A336300FE593C;
			remoteInfo = TexTracerApp;
		};
		C8B8519A2B1A336600FE593C /* PBXContainerItemProxy */ = {
			isa = PBXContainerItemProxy;
			containerPortal = C8B851772B1A336300FE593C /* Project object */;
			proxyType = 1;
			remoteGlobalIDString = C8B8517E2B1A336300FE593C;
			remoteInfo = TexTracerApp;
		};
/* End PBXContainerItemProxy section */

/* Begin PBXFileReference section */
		C8B8517F2B1A336300FE593C /* TexTracerApp.app */ = {isa = PBXFileReference; explicitFileType = wrapper.application; includeInIndex = 0; path = TexTracerApp.app; sourceTree = BUILT_PRODUCTS_DIR; };
		C8B851822B1A336300FE593C /* TexTracerAppApp.swift */ = {isa = PBXFileReference; lastKnownFileType = sourcecode.swift; path = TexTracerAppApp.swift; sourceTree = "<group>"; };
		C8B851842B1A336300FE593C /* ContentView.swift */ = {isa = PBXFileReference; lastKnownFileType = sourcecode.swift; path = ContentView.swift; sourceTree = "<group>"; };
		C8B851862B1A336600FE593C /* Assets.xcassets */ = {isa = PBXFileReference; lastKnownFileType = folder.assetcatalog; path = Assets.xcassets; sourceTree = "<group>"; };
		C8B851892B1A336600FE593C /* Preview Assets.xcassets */ = {isa = PBXFileReference; lastKnownFileType = folder.assetcatalog; path = "Preview Assets.xcassets"; sourceTree = "<group>"; };
		C8B8518F2B1A336600FE593C /* TexTracerAppTests.xctest */ = {isa = PBXFileReference; explicitFileType = wrapper.cfbundle; includeInIndex = 0; path = TexTracerAppTests.xctest; sourceTree = BUILT_PRODUCTS_DIR; };
		C8B851932B1A336600FE593C /* TexTracerAppTests.swift */ = {isa = PBXFileReference; lastKnownFileType = sourcecode.swift; path = TexTracerAppTests.swift; sourceTree = "<group>"; };
		C8B851992B1A336600FE593C /* TexTracerAppUITests.xctest */ = {isa = PBXFileReference; explicitFileType = wrapper.cfbundle; includeInIndex = 0; path = TexTracerAppUITests.xctest; sourceTree = BUILT_PRODUCTS_DIR; };
		C8B8519D2B1A336600FE593C /* TexTracerAppUITests.swift */ = {isa = PBXFileReference; lastKnownFileType = sourcecode.swift; path = TexTracerAppUITests.swift; sourceTree = "<group>"; };
		C8B8519F2B1A336600FE593C /* TexTracerAppUITestsLaunchTests.swift */ = {isa = PBXFileReference; lastKnownFileType = sourcecode.swift; path = TexTracerAppUITestsLaunchTests.swift; sourceTree = "<group>"; };
		C8F66DBF2B1B690A0011D89D /* Company.swift */ = {isa = PBXFileReference; lastKnownFileType = sourcecode.swift; path = Company.swift; sourceTree = "<group>"; };
		C8F66DC12B1B6B750011D89D /* Supplier.swift */ = {isa = PBXFileReference; lastKnownFileType = sourcecode.swift; path = Supplier.swift; sourceTree = "<group>"; };
		C8F66DC32B1B75590011D89D /* Facility.swift */ = {isa = PBXFileReference; lastKnownFileType = sourcecode.swift; path = Facility.swift; sourceTree = "<group>"; };
		C8F66DC52B1B79A30011D89D /* Brand.swift */ = {isa = PBXFileReference; lastKnownFileType = sourcecode.swift; path = Brand.swift; sourceTree = "<group>"; };
		C8F66DC72B1B7A030011D89D /* ContractualPartner.swift */ = {isa = PBXFileReference; lastKnownFileType = sourcecode.swift; path = ContractualPartner.swift; sourceTree = "<group>"; };
		C8F66DC92B1B7FA40011D89D /* Orderline.swift */ = {isa = PBXFileReference; lastKnownFileType = sourcecode.swift; path = Orderline.swift; sourceTree = "<group>"; };
		C8F66DCB2B1B816C0011D89D /* Step.swift */ = {isa = PBXFileReference; lastKnownFileType = sourcecode.swift; path = Step.swift; sourceTree = "<group>"; };
		C8F66DCD2B1B8A290011D89D /* OrderStep.swift */ = {isa = PBXFileReference; lastKnownFileType = sourcecode.swift; path = OrderStep.swift; sourceTree = "<group>"; };
		C8F66DD02B1B8AAA0011D89D /* Order.swift */ = {isa = PBXFileReference; lastKnownFileType = sourcecode.swift; path = Order.swift; sourceTree = "<group>"; };
/* End PBXFileReference section */

/* Begin PBXFrameworksBuildPhase section */
		C8B8517C2B1A336300FE593C /* Frameworks */ = {
			isa = PBXFrameworksBuildPhase;
			buildActionMask = 2147483647;
			files = (
			);
			runOnlyForDeploymentPostprocessing = 0;
		};
		C8B8518C2B1A336600FE593C /* Frameworks */ = {
			isa = PBXFrameworksBuildPhase;
			buildActionMask = 2147483647;
			files = (
			);
			runOnlyForDeploymentPostprocessing = 0;
		};
		C8B851962B1A336600FE593C /* Frameworks */ = {
			isa = PBXFrameworksBuildPhase;
			buildActionMask = 2147483647;
			files = (
			);
			runOnlyForDeploymentPostprocessing = 0;
		};
/* End PBXFrameworksBuildPhase section */

/* Begin PBXGroup section */
		C8B851762B1A336300FE593C = {
			isa = PBXGroup;
			children = (
				C8B851812B1A336300FE593C /* TexTracerApp */,
				C8B851922B1A336600FE593C /* TexTracerAppTests */,
				C8B8519C2B1A336600FE593C /* TexTracerAppUITests */,
				C8B851802B1A336300FE593C /* Products */,
			);
			sourceTree = "<group>";
		};
		C8B851802B1A336300FE593C /* Products */ = {
			isa = PBXGroup;
			children = (
				C8B8517F2B1A336300FE593C /* TexTracerApp.app */,
				C8B8518F2B1A336600FE593C /* TexTracerAppTests.xctest */,
				C8B851992B1A336600FE593C /* TexTracerAppUITests.xctest */,
			);
			name = Products;
			sourceTree = "<group>";
		};
		C8B851812B1A336300FE593C /* TexTracerApp */ = {
			isa = PBXGroup;
			children = (
				C8F66DCF2B1B8A5B0011D89D /* Enums */,
				C8F66DBD2B1B687D0011D89D /* Entities */,
				C8B851822B1A336300FE593C /* TexTracerAppApp.swift */,
				C8B851842B1A336300FE593C /* ContentView.swift */,
				C8B851862B1A336600FE593C /* Assets.xcassets */,
				C8B851882B1A336600FE593C /* Preview Content */,
			);
			path = TexTracerApp;
			sourceTree = "<group>";
		};
		C8B851882B1A336600FE593C /* Preview Content */ = {
			isa = PBXGroup;
			children = (
				C8B851892B1A336600FE593C /* Preview Assets.xcassets */,
			);
			path = "Preview Content";
			sourceTree = "<group>";
		};
		C8B851922B1A336600FE593C /* TexTracerAppTests */ = {
			isa = PBXGroup;
			children = (
				C8B851932B1A336600FE593C /* TexTracerAppTests.swift */,
			);
			path = TexTracerAppTests;
			sourceTree = "<group>";
		};
		C8B8519C2B1A336600FE593C /* TexTracerAppUITests */ = {
			isa = PBXGroup;
			children = (
				C8B8519D2B1A336600FE593C /* TexTracerAppUITests.swift */,
				C8B8519F2B1A336600FE593C /* TexTracerAppUITestsLaunchTests.swift */,
			);
			path = TexTracerAppUITests;
			sourceTree = "<group>";
		};
		C8F66DBD2B1B687D0011D89D /* Entities */ = {
			isa = PBXGroup;
			children = (
				C8F66DBE2B1B68D60011D89D /* Companies */,
				C8F66DC32B1B75590011D89D /* Facility.swift */,
				C8F66DC92B1B7FA40011D89D /* Orderline.swift */,
				C8F66DCD2B1B8A290011D89D /* OrderStep.swift */,
				C8F66DD02B1B8AAA0011D89D /* Order.swift */,
			);
			path = Entities;
			sourceTree = "<group>";
		};
		C8F66DBE2B1B68D60011D89D /* Companies */ = {
			isa = PBXGroup;
			children = (
				C8F66DBF2B1B690A0011D89D /* Company.swift */,
				C8F66DC12B1B6B750011D89D /* Supplier.swift */,
				C8F66DC52B1B79A30011D89D /* Brand.swift */,
				C8F66DC72B1B7A030011D89D /* ContractualPartner.swift */,
			);
			path = Companies;
			sourceTree = "<group>";
		};
		C8F66DCF2B1B8A5B0011D89D /* Enums */ = {
			isa = PBXGroup;
			children = (
				C8F66DCB2B1B816C0011D89D /* Step.swift */,
			);
			path = Enums;
			sourceTree = "<group>";
		};
/* End PBXGroup section */

/* Begin PBXNativeTarget section */
		C8B8517E2B1A336300FE593C /* TexTracerApp */ = {
			isa = PBXNativeTarget;
			buildConfigurationList = C8B851A32B1A336600FE593C /* Build configuration list for PBXNativeTarget "TexTracerApp" */;
			buildPhases = (
				C8B8517B2B1A336300FE593C /* Sources */,
				C8B8517C2B1A336300FE593C /* Frameworks */,
				C8B8517D2B1A336300FE593C /* Resources */,
			);
			buildRules = (
			);
			dependencies = (
			);
			name = TexTracerApp;
			productName = TexTracerApp;
			productReference = C8B8517F2B1A336300FE593C /* TexTracerApp.app */;
			productType = "com.apple.product-type.application";
		};
		C8B8518E2B1A336600FE593C /* TexTracerAppTests */ = {
			isa = PBXNativeTarget;
			buildConfigurationList = C8B851A62B1A336600FE593C /* Build configuration list for PBXNativeTarget "TexTracerAppTests" */;
			buildPhases = (
				C8B8518B2B1A336600FE593C /* Sources */,
				C8B8518C2B1A336600FE593C /* Frameworks */,
				C8B8518D2B1A336600FE593C /* Resources */,
			);
			buildRules = (
			);
			dependencies = (
				C8B851912B1A336600FE593C /* PBXTargetDependency */,
			);
			name = TexTracerAppTests;
			productName = TexTracerAppTests;
			productReference = C8B8518F2B1A336600FE593C /* TexTracerAppTests.xctest */;
			productType = "com.apple.product-type.bundle.unit-test";
		};
		C8B851982B1A336600FE593C /* TexTracerAppUITests */ = {
			isa = PBXNativeTarget;
			buildConfigurationList = C8B851A92B1A336600FE593C /* Build configuration list for PBXNativeTarget "TexTracerAppUITests" */;
			buildPhases = (
				C8B851952B1A336600FE593C /* Sources */,
				C8B851962B1A336600FE593C /* Frameworks */,
				C8B851972B1A336600FE593C /* Resources */,
			);
			buildRules = (
			);
			dependencies = (
				C8B8519B2B1A336600FE593C /* PBXTargetDependency */,
			);
			name = TexTracerAppUITests;
			productName = TexTracerAppUITests;
			productReference = C8B851992B1A336600FE593C /* TexTracerAppUITests.xctest */;
			productType = "com.apple.product-type.bundle.ui-testing";
		};
/* End PBXNativeTarget section */

/* Begin PBXProject section */
		C8B851772B1A336300FE593C /* Project object */ = {
			isa = PBXProject;
			attributes = {
				BuildIndependentTargetsInParallel = 1;
				LastSwiftUpdateCheck = 1500;
				LastUpgradeCheck = 1500;
				TargetAttributes = {
					C8B8517E2B1A336300FE593C = {
						CreatedOnToolsVersion = 15.0.1;
					};
					C8B8518E2B1A336600FE593C = {
						CreatedOnToolsVersion = 15.0.1;
						TestTargetID = C8B8517E2B1A336300FE593C;
					};
					C8B851982B1A336600FE593C = {
						CreatedOnToolsVersion = 15.0.1;
						TestTargetID = C8B8517E2B1A336300FE593C;
					};
				};
			};
			buildConfigurationList = C8B8517A2B1A336300FE593C /* Build configuration list for PBXProject "TexTracerApp" */;
			compatibilityVersion = "Xcode 14.0";
			developmentRegion = en;
			hasScannedForEncodings = 0;
			knownRegions = (
				en,
				Base,
			);
			mainGroup = C8B851762B1A336300FE593C;
			productRefGroup = C8B851802B1A336300FE593C /* Products */;
			projectDirPath = "";
			projectRoot = "";
			targets = (
				C8B8517E2B1A336300FE593C /* TexTracerApp */,
				C8B8518E2B1A336600FE593C /* TexTracerAppTests */,
				C8B851982B1A336600FE593C /* TexTracerAppUITests */,
			);
		};
/* End PBXProject section */

/* Begin PBXResourcesBuildPhase section */
		C8B8517D2B1A336300FE593C /* Resources */ = {
			isa = PBXResourcesBuildPhase;
			buildActionMask = 2147483647;
			files = (
				C8B8518A2B1A336600FE593C /* Preview Assets.xcassets in Resources */,
				C8B851872B1A336600FE593C /* Assets.xcassets in Resources */,
			);
			runOnlyForDeploymentPostprocessing = 0;
		};
		C8B8518D2B1A336600FE593C /* Resources */ = {
			isa = PBXResourcesBuildPhase;
			buildActionMask = 2147483647;
			files = (
			);
			runOnlyForDeploymentPostprocessing = 0;
		};
		C8B851972B1A336600FE593C /* Resources */ = {
			isa = PBXResourcesBuildPhase;
			buildActionMask = 2147483647;
			files = (
			);
			runOnlyForDeploymentPostprocessing = 0;
		};
/* End PBXResourcesBuildPhase section */

/* Begin PBXSourcesBuildPhase section */
		C8B8517B2B1A336300FE593C /* Sources */ = {
			isa = PBXSourcesBuildPhase;
			buildActionMask = 2147483647;
			files = (
				C8F66DCE2B1B8A290011D89D /* OrderStep.swift in Sources */,
				C8B851852B1A336300FE593C /* ContentView.swift in Sources */,
				C8F66DC62B1B79A30011D89D /* Brand.swift in Sources */,
				C8F66DC22B1B6B750011D89D /* Supplier.swift in Sources */,
				C8F66DD12B1B8AAA0011D89D /* Order.swift in Sources */,
				C8F66DC42B1B75590011D89D /* Facility.swift in Sources */,
				C8B851832B1A336300FE593C /* TexTracerAppApp.swift in Sources */,
				C8F66DC82B1B7A030011D89D /* ContractualPartner.swift in Sources */,
				C8F66DCA2B1B7FA40011D89D /* Orderline.swift in Sources */,
				C8F66DCC2B1B816C0011D89D /* Step.swift in Sources */,
				C8F66DC02B1B690A0011D89D /* Company.swift in Sources */,
			);
			runOnlyForDeploymentPostprocessing = 0;
		};
		C8B8518B2B1A336600FE593C /* Sources */ = {
			isa = PBXSourcesBuildPhase;
			buildActionMask = 2147483647;
			files = (
				C8B851942B1A336600FE593C /* TexTracerAppTests.swift in Sources */,
			);
			runOnlyForDeploymentPostprocessing = 0;
		};
		C8B851952B1A336600FE593C /* Sources */ = {
			isa = PBXSourcesBuildPhase;
			buildActionMask = 2147483647;
			files = (
				C8B8519E2B1A336600FE593C /* TexTracerAppUITests.swift in Sources */,
				C8B851A02B1A336600FE593C /* TexTracerAppUITestsLaunchTests.swift in Sources */,
			);
			runOnlyForDeploymentPostprocessing = 0;
		};
/* End PBXSourcesBuildPhase section */

/* Begin PBXTargetDependency section */
		C8B851912B1A336600FE593C /* PBXTargetDependency */ = {
			isa = PBXTargetDependency;
			target = C8B8517E2B1A336300FE593C /* TexTracerApp */;
			targetProxy = C8B851902B1A336600FE593C /* PBXContainerItemProxy */;
		};
		C8B8519B2B1A336600FE593C /* PBXTargetDependency */ = {
			isa = PBXTargetDependency;
			target = C8B8517E2B1A336300FE593C /* TexTracerApp */;
			targetProxy = C8B8519A2B1A336600FE593C /* PBXContainerItemProxy */;
		};
/* End PBXTargetDependency section */

/* Begin XCBuildConfiguration section */
		C8B851A12B1A336600FE593C /* Debug */ = {
			isa = XCBuildConfiguration;
			buildSettings = {
				ALWAYS_SEARCH_USER_PATHS = NO;
				ASSETCATALOG_COMPILER_GENERATE_SWIFT_ASSET_SYMBOL_EXTENSIONS = YES;
				CLANG_ANALYZER_NONNULL = YES;
				CLANG_ANALYZER_NUMBER_OBJECT_CONVERSION = YES_AGGRESSIVE;
				CLANG_CXX_LANGUAGE_STANDARD = "gnu++20";
				CLANG_ENABLE_MODULES = YES;
				CLANG_ENABLE_OBJC_ARC = YES;
				CLANG_ENABLE_OBJC_WEAK = YES;
				CLANG_WARN_BLOCK_CAPTURE_AUTORELEASING = YES;
				CLANG_WARN_BOOL_CONVERSION = YES;
				CLANG_WARN_COMMA = YES;
				CLANG_WARN_CONSTANT_CONVERSION = YES;
				CLANG_WARN_DEPRECATED_OBJC_IMPLEMENTATIONS = YES;
				CLANG_WARN_DIRECT_OBJC_ISA_USAGE = YES_ERROR;
				CLANG_WARN_DOCUMENTATION_COMMENTS = YES;
				CLANG_WARN_EMPTY_BODY = YES;
				CLANG_WARN_ENUM_CONVERSION = YES;
				CLANG_WARN_INFINITE_RECURSION = YES;
				CLANG_WARN_INT_CONVERSION = YES;
				CLANG_WARN_NON_LITERAL_NULL_CONVERSION = YES;
				CLANG_WARN_OBJC_IMPLICIT_RETAIN_SELF = YES;
				CLANG_WARN_OBJC_LITERAL_CONVERSION = YES;
				CLANG_WARN_OBJC_ROOT_CLASS = YES_ERROR;
				CLANG_WARN_QUOTED_INCLUDE_IN_FRAMEWORK_HEADER = YES;
				CLANG_WARN_RANGE_LOOP_ANALYSIS = YES;
				CLANG_WARN_STRICT_PROTOTYPES = YES;
				CLANG_WARN_SUSPICIOUS_MOVE = YES;
				CLANG_WARN_UNGUARDED_AVAILABILITY = YES_AGGRESSIVE;
				CLANG_WARN_UNREACHABLE_CODE = YES;
				CLANG_WARN__DUPLICATE_METHOD_MATCH = YES;
				COPY_PHASE_STRIP = NO;
				DEBUG_INFORMATION_FORMAT = dwarf;
				ENABLE_STRICT_OBJC_MSGSEND = YES;
				ENABLE_TESTABILITY = YES;
				ENABLE_USER_SCRIPT_SANDBOXING = YES;
				GCC_C_LANGUAGE_STANDARD = gnu17;
				GCC_DYNAMIC_NO_PIC = NO;
				GCC_NO_COMMON_BLOCKS = YES;
				GCC_OPTIMIZATION_LEVEL = 0;
				GCC_PREPROCESSOR_DEFINITIONS = (
					"DEBUG=1",
					"$(inherited)",
				);
				GCC_WARN_64_TO_32_BIT_CONVERSION = YES;
				GCC_WARN_ABOUT_RETURN_TYPE = YES_ERROR;
				GCC_WARN_UNDECLARED_SELECTOR = YES;
				GCC_WARN_UNINITIALIZED_AUTOS = YES_AGGRESSIVE;
				GCC_WARN_UNUSED_FUNCTION = YES;
				GCC_WARN_UNUSED_VARIABLE = YES;
				IPHONEOS_DEPLOYMENT_TARGET = 17.0;
				LOCALIZATION_PREFERS_STRING_CATALOGS = YES;
				MTL_ENABLE_DEBUG_INFO = INCLUDE_SOURCE;
				MTL_FAST_MATH = YES;
				ONLY_ACTIVE_ARCH = YES;
				SDKROOT = iphoneos;
				SWIFT_ACTIVE_COMPILATION_CONDITIONS = "DEBUG $(inherited)";
				SWIFT_OPTIMIZATION_LEVEL = "-Onone";
			};
			name = Debug;
		};
		C8B851A22B1A336600FE593C /* Release */ = {
			isa = XCBuildConfiguration;
			buildSettings = {
				ALWAYS_SEARCH_USER_PATHS = NO;
				ASSETCATALOG_COMPILER_GENERATE_SWIFT_ASSET_SYMBOL_EXTENSIONS = YES;
				CLANG_ANALYZER_NONNULL = YES;
				CLANG_ANALYZER_NUMBER_OBJECT_CONVERSION = YES_AGGRESSIVE;
				CLANG_CXX_LANGUAGE_STANDARD = "gnu++20";
				CLANG_ENABLE_MODULES = YES;
				CLANG_ENABLE_OBJC_ARC = YES;
				CLANG_ENABLE_OBJC_WEAK = YES;
				CLANG_WARN_BLOCK_CAPTURE_AUTORELEASING = YES;
				CLANG_WARN_BOOL_CONVERSION = YES;
				CLANG_WARN_COMMA = YES;
				CLANG_WARN_CONSTANT_CONVERSION = YES;
				CLANG_WARN_DEPRECATED_OBJC_IMPLEMENTATIONS = YES;
				CLANG_WARN_DIRECT_OBJC_ISA_USAGE = YES_ERROR;
				CLANG_WARN_DOCUMENTATION_COMMENTS = YES;
				CLANG_WARN_EMPTY_BODY = YES;
				CLANG_WARN_ENUM_CONVERSION = YES;
				CLANG_WARN_INFINITE_RECURSION = YES;
				CLANG_WARN_INT_CONVERSION = YES;
				CLANG_WARN_NON_LITERAL_NULL_CONVERSION = YES;
				CLANG_WARN_OBJC_IMPLICIT_RETAIN_SELF = YES;
				CLANG_WARN_OBJC_LITERAL_CONVERSION = YES;
				CLANG_WARN_OBJC_ROOT_CLASS = YES_ERROR;
				CLANG_WARN_QUOTED_INCLUDE_IN_FRAMEWORK_HEADER = YES;
				CLANG_WARN_RANGE_LOOP_ANALYSIS = YES;
				CLANG_WARN_STRICT_PROTOTYPES = YES;
				CLANG_WARN_SUSPICIOUS_MOVE = YES;
				CLANG_WARN_UNGUARDED_AVAILABILITY = YES_AGGRESSIVE;
				CLANG_WARN_UNREACHABLE_CODE = YES;
				CLANG_WARN__DUPLICATE_METHOD_MATCH = YES;
				COPY_PHASE_STRIP = NO;
				DEBUG_INFORMATION_FORMAT = "dwarf-with-dsym";
				ENABLE_NS_ASSERTIONS = NO;
				ENABLE_STRICT_OBJC_MSGSEND = YES;
				ENABLE_USER_SCRIPT_SANDBOXING = YES;
				GCC_C_LANGUAGE_STANDARD = gnu17;
				GCC_NO_COMMON_BLOCKS = YES;
				GCC_WARN_64_TO_32_BIT_CONVERSION = YES;
				GCC_WARN_ABOUT_RETURN_TYPE = YES_ERROR;
				GCC_WARN_UNDECLARED_SELECTOR = YES;
				GCC_WARN_UNINITIALIZED_AUTOS = YES_AGGRESSIVE;
				GCC_WARN_UNUSED_FUNCTION = YES;
				GCC_WARN_UNUSED_VARIABLE = YES;
				IPHONEOS_DEPLOYMENT_TARGET = 17.0;
				LOCALIZATION_PREFERS_STRING_CATALOGS = YES;
				MTL_ENABLE_DEBUG_INFO = NO;
				MTL_FAST_MATH = YES;
				SDKROOT = iphoneos;
				SWIFT_COMPILATION_MODE = wholemodule;
				VALIDATE_PRODUCT = YES;
			};
			name = Release;
		};
		C8B851A42B1A336600FE593C /* Debug */ = {
			isa = XCBuildConfiguration;
			buildSettings = {
				ASSETCATALOG_COMPILER_APPICON_NAME = AppIcon;
				ASSETCATALOG_COMPILER_GLOBAL_ACCENT_COLOR_NAME = AccentColor;
				CODE_SIGN_STYLE = Automatic;
				CURRENT_PROJECT_VERSION = 1;
				DEVELOPMENT_ASSET_PATHS = "\"TexTracerApp/Preview Content\"";
				ENABLE_PREVIEWS = YES;
				GENERATE_INFOPLIST_FILE = YES;
				INFOPLIST_KEY_UIApplicationSceneManifest_Generation = YES;
				INFOPLIST_KEY_UIApplicationSupportsIndirectInputEvents = YES;
				INFOPLIST_KEY_UILaunchScreen_Generation = YES;
				INFOPLIST_KEY_UISupportedInterfaceOrientations_iPad = "UIInterfaceOrientationPortrait UIInterfaceOrientationPortraitUpsideDown UIInterfaceOrientationLandscapeLeft UIInterfaceOrientationLandscapeRight";
				INFOPLIST_KEY_UISupportedInterfaceOrientations_iPhone = "UIInterfaceOrientationPortrait UIInterfaceOrientationLandscapeLeft UIInterfaceOrientationLandscapeRight";
				LD_RUNPATH_SEARCH_PATHS = (
					"$(inherited)",
					"@executable_path/Frameworks",
				);
				MARKETING_VERSION = 1.0;
				PRODUCT_BUNDLE_IDENTIFIER = nl.aldera.lisa.TexTracerApp;
				PRODUCT_NAME = "$(TARGET_NAME)";
				SWIFT_EMIT_LOC_STRINGS = YES;
				SWIFT_VERSION = 5.0;
				TARGETED_DEVICE_FAMILY = "1,2";
			};
			name = Debug;
		};
		C8B851A52B1A336600FE593C /* Release */ = {
			isa = XCBuildConfiguration;
			buildSettings = {
				ASSETCATALOG_COMPILER_APPICON_NAME = AppIcon;
				ASSETCATALOG_COMPILER_GLOBAL_ACCENT_COLOR_NAME = AccentColor;
				CODE_SIGN_STYLE = Automatic;
				CURRENT_PROJECT_VERSION = 1;
				DEVELOPMENT_ASSET_PATHS = "\"TexTracerApp/Preview Content\"";
				ENABLE_PREVIEWS = YES;
				GENERATE_INFOPLIST_FILE = YES;
				INFOPLIST_KEY_UIApplicationSceneManifest_Generation = YES;
				INFOPLIST_KEY_UIApplicationSupportsIndirectInputEvents = YES;
				INFOPLIST_KEY_UILaunchScreen_Generation = YES;
				INFOPLIST_KEY_UISupportedInterfaceOrientations_iPad = "UIInterfaceOrientationPortrait UIInterfaceOrientationPortraitUpsideDown UIInterfaceOrientationLandscapeLeft UIInterfaceOrientationLandscapeRight";
				INFOPLIST_KEY_UISupportedInterfaceOrientations_iPhone = "UIInterfaceOrientationPortrait UIInterfaceOrientationLandscapeLeft UIInterfaceOrientationLandscapeRight";
				LD_RUNPATH_SEARCH_PATHS = (
					"$(inherited)",
					"@executable_path/Frameworks",
				);
				MARKETING_VERSION = 1.0;
				PRODUCT_BUNDLE_IDENTIFIER = nl.aldera.lisa.TexTracerApp;
				PRODUCT_NAME = "$(TARGET_NAME)";
				SWIFT_EMIT_LOC_STRINGS = YES;
				SWIFT_VERSION = 5.0;
				TARGETED_DEVICE_FAMILY = "1,2";
			};
			name = Release;
		};
		C8B851A72B1A336600FE593C /* Debug */ = {
			isa = XCBuildConfiguration;
			buildSettings = {
				ALWAYS_EMBED_SWIFT_STANDARD_LIBRARIES = YES;
				BUNDLE_LOADER = "$(TEST_HOST)";
				CODE_SIGN_STYLE = Automatic;
				CURRENT_PROJECT_VERSION = 1;
				GENERATE_INFOPLIST_FILE = YES;
				IPHONEOS_DEPLOYMENT_TARGET = 17.0;
				MARKETING_VERSION = 1.0;
				PRODUCT_BUNDLE_IDENTIFIER = nl.aldera.lisa.TexTracerAppTests;
				PRODUCT_NAME = "$(TARGET_NAME)";
				SWIFT_EMIT_LOC_STRINGS = NO;
				SWIFT_VERSION = 5.0;
				TARGETED_DEVICE_FAMILY = "1,2";
				TEST_HOST = "$(BUILT_PRODUCTS_DIR)/TexTracerApp.app/$(BUNDLE_EXECUTABLE_FOLDER_PATH)/TexTracerApp";
			};
			name = Debug;
		};
		C8B851A82B1A336600FE593C /* Release */ = {
			isa = XCBuildConfiguration;
			buildSettings = {
				ALWAYS_EMBED_SWIFT_STANDARD_LIBRARIES = YES;
				BUNDLE_LOADER = "$(TEST_HOST)";
				CODE_SIGN_STYLE = Automatic;
				CURRENT_PROJECT_VERSION = 1;
				GENERATE_INFOPLIST_FILE = YES;
				IPHONEOS_DEPLOYMENT_TARGET = 17.0;
				MARKETING_VERSION = 1.0;
				PRODUCT_BUNDLE_IDENTIFIER = nl.aldera.lisa.TexTracerAppTests;
				PRODUCT_NAME = "$(TARGET_NAME)";
				SWIFT_EMIT_LOC_STRINGS = NO;
				SWIFT_VERSION = 5.0;
				TARGETED_DEVICE_FAMILY = "1,2";
				TEST_HOST = "$(BUILT_PRODUCTS_DIR)/TexTracerApp.app/$(BUNDLE_EXECUTABLE_FOLDER_PATH)/TexTracerApp";
			};
			name = Release;
		};
		C8B851AA2B1A336600FE593C /* Debug */ = {
			isa = XCBuildConfiguration;
			buildSettings = {
				ALWAYS_EMBED_SWIFT_STANDARD_LIBRARIES = YES;
				CODE_SIGN_STYLE = Automatic;
				CURRENT_PROJECT_VERSION = 1;
				GENERATE_INFOPLIST_FILE = YES;
				MARKETING_VERSION = 1.0;
				PRODUCT_BUNDLE_IDENTIFIER = nl.aldera.lisa.TexTracerAppUITests;
				PRODUCT_NAME = "$(TARGET_NAME)";
				SWIFT_EMIT_LOC_STRINGS = NO;
				SWIFT_VERSION = 5.0;
				TARGETED_DEVICE_FAMILY = "1,2";
				TEST_TARGET_NAME = TexTracerApp;
			};
			name = Debug;
		};
		C8B851AB2B1A336600FE593C /* Release */ = {
			isa = XCBuildConfiguration;
			buildSettings = {
				ALWAYS_EMBED_SWIFT_STANDARD_LIBRARIES = YES;
				CODE_SIGN_STYLE = Automatic;
				CURRENT_PROJECT_VERSION = 1;
				GENERATE_INFOPLIST_FILE = YES;
				MARKETING_VERSION = 1.0;
				PRODUCT_BUNDLE_IDENTIFIER = nl.aldera.lisa.TexTracerAppUITests;
				PRODUCT_NAME = "$(TARGET_NAME)";
				SWIFT_EMIT_LOC_STRINGS = NO;
				SWIFT_VERSION = 5.0;
				TARGETED_DEVICE_FAMILY = "1,2";
				TEST_TARGET_NAME = TexTracerApp;
			};
			name = Release;
		};
/* End XCBuildConfiguration section */

/* Begin XCConfigurationList section */
		C8B8517A2B1A336300FE593C /* Build configuration list for PBXProject "TexTracerApp" */ = {
			isa = XCConfigurationList;
			buildConfigurations = (
				C8B851A12B1A336600FE593C /* Debug */,
				C8B851A22B1A336600FE593C /* Release */,
			);
			defaultConfigurationIsVisible = 0;
			defaultConfigurationName = Release;
		};
		C8B851A32B1A336600FE593C /* Build configuration list for PBXNativeTarget "TexTracerApp" */ = {
			isa = XCConfigurationList;
			buildConfigurations = (
				C8B851A42B1A336600FE593C /* Debug */,
				C8B851A52B1A336600FE593C /* Release */,
			);
			defaultConfigurationIsVisible = 0;
			defaultConfigurationName = Release;
		};
		C8B851A62B1A336600FE593C /* Build configuration list for PBXNativeTarget "TexTracerAppTests" */ = {
			isa = XCConfigurationList;
			buildConfigurations = (
				C8B851A72B1A336600FE593C /* Debug */,
				C8B851A82B1A336600FE593C /* Release */,
			);
			defaultConfigurationIsVisible = 0;
			defaultConfigurationName = Release;
		};
		C8B851A92B1A336600FE593C /* Build configuration list for PBXNativeTarget "TexTracerAppUITests" */ = {
			isa = XCConfigurationList;
			buildConfigurations = (
				C8B851AA2B1A336600FE593C /* Debug */,
				C8B851AB2B1A336600FE593C /* Release */,
			);
			defaultConfigurationIsVisible = 0;
			defaultConfigurationName = Release;
		};
/* End XCConfigurationList section */
	};
	rootObject = C8B851772B1A336300FE593C /* Project object */;
}
